<?xml version="1.0" encoding="utf-8"?>
<Project ToolsVersion="4.0" xmlns="http://schemas.microsoft.com/developer/msbuild/2003">
  <ItemGroup>
    <ClCompile Include="main.cpp" />
    <ClCompile Include="..\kitten\K_Component.cpp">
      <Filter>kitten</Filter>
    </ClCompile>
    <ClCompile Include="..\kitten\K_ComponentManager.cpp">
      <Filter>kitten</Filter>
    </ClCompile>
    <ClCompile Include="..\kitten\K_Game.cpp">
      <Filter>kitten</Filter>
    </ClCompile>
    <ClCompile Include="..\kitten\K_GameObject.cpp">
      <Filter>kitten</Filter>
    </ClCompile>
    <ClCompile Include="..\kitten\K_GameObjectManager.cpp">
      <Filter>kitten</Filter>
    </ClCompile>
    <ClCompile Include="..\kitten\K_Time.cpp">
      <Filter>kitten</Filter>
    </ClCompile>
    <ClCompile Include="..\puppy\FBO.cpp">
      <Filter>puppy</Filter>
    </ClCompile>
    <ClCompile Include="..\puppy\Material.cpp">
      <Filter>puppy</Filter>
    </ClCompile>
    <ClCompile Include="..\puppy\MaterialManager.cpp">
      <Filter>puppy</Filter>
    </ClCompile>
    <ClCompile Include="..\puppy\RenderBuffer.cpp">
      <Filter>puppy</Filter>
    </ClCompile>
    <ClCompile Include="..\puppy\Renderer.cpp">
      <Filter>puppy</Filter>
    </ClCompile>
    <ClCompile Include="..\puppy\ShaderManager.cpp">
      <Filter>puppy</Filter>
    </ClCompile>
    <ClCompile Include="..\puppy\ShaderProgram.cpp">
      <Filter>puppy</Filter>
    </ClCompile>
    <ClCompile Include="..\puppy\StaticRenderables.cpp">
      <Filter>puppy</Filter>
    </ClCompile>
    <ClCompile Include="..\puppy\Texture.cpp">
      <Filter>puppy</Filter>
    </ClCompile>
    <ClCompile Include="..\puppy\VertexEnvironment.cpp">
      <Filter>puppy</Filter>
    </ClCompile>
    <ClCompile Include="..\kitten\Camera.cpp">
      <Filter>kitten</Filter>
    </ClCompile>
    <ClCompile Include="..\kitten\InputManager.cpp">
      <Filter>kitten</Filter>
    </ClCompile>
    <ClCompile Include="..\kitten\Transform.cpp">
      <Filter>kitten</Filter>
    </ClCompile>
    <ClCompile Include="..\kitten\CubeRenderable.cpp">
      <Filter>kitten</Filter>
    </ClCompile>
    <ClCompile Include="..\wolf\W_Common.cpp">
      <Filter>wolf</Filter>
    </ClCompile>
    <ClCompile Include="..\pugixml\pugixml.cpp">
      <Filter>pugi</Filter>
    </ClCompile>
    <ClCompile Include="..\kitten\K_CameraList.cpp">
      <Filter>kitten</Filter>
    </ClCompile>
    <ClCompile Include="..\unit\UnitMonitor.cpp">
      <Filter>unit</Filter>
    </ClCompile>
    <ClCompile Include="..\unit\UnitSpawn.cpp">
      <Filter>unit</Filter>
    </ClCompile>
    <ClCompile Include="..\unit\UnitTest.cpp">
      <Filter>unit</Filter>
    </ClCompile>
    <ClCompile Include="..\ability\node\AbilityNode.cpp">
      <Filter>ability\node</Filter>
    </ClCompile>
    <ClCompile Include="..\ability\AbilityManager.cpp">
      <Filter>ability</Filter>
    </ClCompile>
    <ClCompile Include="..\ability\node\AbilityNodeManager.cpp">
      <Filter>ability\node</Filter>
    </ClCompile>
    <ClCompile Include="..\ability\ability\Heal.cpp">
      <Filter>ability\ability</Filter>
    </ClCompile>
    <ClCompile Include="..\kibble\json\JSONUnitDataParser.cpp">
      <Filter>kibble\JSON</Filter>
    </ClCompile>
    <ClCompile Include="..\kibble\json\JSONGameObjectDataParser.cpp">
      <Filter>kibble\JSON</Filter>
    </ClCompile>
    <ClCompile Include="..\kibble\kibble.cpp">
      <Filter>kibble</Filter>
    </ClCompile>
    <ClCompile Include="..\kibble\json\jsonextra.cpp">
      <Filter>kibble\JSON</Filter>
    </ClCompile>
    <ClCompile Include="..\ability\node\ChangeAttributeNode.cpp">
      <Filter>ability\node</Filter>
    </ClCompile>
    <ClCompile Include="..\ability\node\CheckHPNode.cpp">
      <Filter>ability\node</Filter>
    </ClCompile>
    <ClCompile Include="..\kitten\mouse picking\ActiveClickables.cpp">
      <Filter>kitten\mouse  picking</Filter>
    </ClCompile>
    <ClCompile Include="..\kitten\mouse picking\Clickable.cpp">
      <Filter>kitten\mouse  picking</Filter>
    </ClCompile>
    <ClCompile Include="..\kitten\mouse picking\MousePicker.cpp">
      <Filter>kitten\mouse  picking</Filter>
    </ClCompile>
    <ClCompile Include="..\kibble\json\Datatypes\ComponentDataType.cpp">
      <Filter>kibble\JSON\Datatypes</Filter>
    </ClCompile>
    <ClCompile Include="..\kibble\json\Datatypes\UnitDataType.cpp">
      <Filter>kibble\JSON\Datatypes</Filter>
    </ClCompile>
    <ClCompile Include="..\kibble\json\Datatypes\GameObjectDataType.cpp">
      <Filter>kibble\JSON\Datatypes</Filter>
    </ClCompile>
    <ClCompile Include="..\kibble\json\Datatypes\SceneDataType.cpp">
      <Filter>kibble\JSON\Datatypes</Filter>
    </ClCompile>
    <ClCompile Include="..\kitten\QuadRenderable.cpp">
      <Filter>kitten</Filter>
    </ClCompile>
    <ClCompile Include="..\unit\unitComponent\StatusContainer.cpp">
      <Filter>unit\unitComponent</Filter>
    </ClCompile>
    <ClCompile Include="..\unit\unitComponent\UnitGraphic.cpp">
      <Filter>unit\unitComponent</Filter>
    </ClCompile>
    <ClCompile Include="..\ability\status\Status.cpp">
      <Filter>ability\status</Filter>
    </ClCompile>
    <ClCompile Include="..\ability\status\Status_Encourage.cpp">
      <Filter>ability\status</Filter>
    </ClCompile>
    <ClCompile Include="..\ability\status\Status_LV.cpp">
      <Filter>ability\status</Filter>
    </ClCompile>
    <ClCompile Include="..\ability\status\Status_Priest_LV3.cpp">
      <Filter>ability\status</Filter>
    </ClCompile>
    <ClCompile Include="..\ability\node\ChangeAbilityDescriptionNode.cpp">
      <Filter>ability\node</Filter>
    </ClCompile>
    <ClCompile Include="..\ability\node\ChangeAbilityInfoNode.cpp">
      <Filter>ability\node</Filter>
    </ClCompile>
    <ClCompile Include="..\ability\ability\Ability.cpp">
      <Filter>ability\ability</Filter>
    </ClCompile>
    <ClCompile Include="..\ability\ability\Encourage.cpp">
      <Filter>ability\ability</Filter>
    </ClCompile>
    <ClCompile Include="..\kitten\event_system\Event.cpp">
      <Filter>kitten\event_system</Filter>
    </ClCompile>
    <ClCompile Include="..\kitten\event_system\EventExample.cpp">
      <Filter>kitten\event_system</Filter>
    </ClCompile>
    <ClCompile Include="..\kitten\event_system\EventManager.cpp">
      <Filter>kitten\event_system</Filter>
    </ClCompile>
    <ClCompile Include="..\kitten\mouse picking\ClickableBox.cpp">
      <Filter>kitten\mouse  picking</Filter>
    </ClCompile>
    <ClCompile Include="..\kibble\databank\databank.cpp">
      <Filter>kibble\databank</Filter>
    </ClCompile>
    <ClCompile Include="..\ability\ability\Build_the_Wall.cpp">
      <Filter>ability\ability</Filter>
    </ClCompile>
    <ClCompile Include="..\ability\ability\Sabotage.cpp">
      <Filter>ability\ability</Filter>
    </ClCompile>
    <ClCompile Include="..\ability\status\Status_Archer_LV3.cpp">
      <Filter>ability\status</Filter>
    </ClCompile>
    <ClCompile Include="..\ability\status\Status_Dodge.cpp">
      <Filter>ability\status</Filter>
    </ClCompile>
    <ClCompile Include="..\ability\status\Status_Duelist_LV3.cpp">
      <Filter>ability\status</Filter>
    </ClCompile>
    <ClCompile Include="..\ability\StatusManager.cpp">
      <Filter>ability</Filter>
    </ClCompile>
    <ClCompile Include="..\puppy\Text\Font.cpp">
      <Filter>puppy\Text</Filter>
    </ClCompile>
    <ClCompile Include="..\puppy\Text\FontTable.cpp">
      <Filter>puppy\Text</Filter>
    </ClCompile>
    <ClCompile Include="..\puppy\Text\TextBox.cpp">
      <Filter>puppy\Text</Filter>
    </ClCompile>
    <ClCompile Include="..\puppy\Text\TextTable.cpp">
      <Filter>puppy\Text</Filter>
    </ClCompile>
    <ClCompile Include="..\ability\ability\ManipulateTile.cpp">
      <Filter>ability\ability</Filter>
    </ClCompile>
    <ClCompile Include="UseAbilityWhenClicked.cpp">
      <Filter>components</Filter>
    </ClCompile>
    <ClCompile Include="..\components\PowerTracker.cpp">
      <Filter>components</Filter>
    </ClCompile>
    <ClCompile Include="..\ability\ability\SummonUnit.cpp">
      <Filter>ability\ability</Filter>
    </ClCompile>
    <ClCompile Include="..\components\SelectAbility.cpp">
      <Filter>components</Filter>
    </ClCompile>
    <ClCompile Include="..\unit\InitiativeTracker\InitiativeTracker.cpp">
      <Filter>unit\InitiativeTracker</Filter>
    </ClCompile>
    <ClCompile Include="..\unit\InitiativeTracker\UnitTurn.cpp">
      <Filter>unit\InitiativeTracker</Filter>
    </ClCompile>
    <ClCompile Include="..\unit\Unit.cpp">
      <Filter>unit</Filter>
    </ClCompile>
    <ClCompile Include="..\unit\unitComponent\UnitMove.cpp">
      <Filter>unit\unitComponent</Filter>
    </ClCompile>
    <ClCompile Include="..\kitten\audio\AudioEngineWrapper.cpp">
      <Filter>kitten\audio</Filter>
    </ClCompile>
    <ClCompile Include="..\kitten\audio\AudioListener.cpp">
      <Filter>kitten\audio</Filter>
    </ClCompile>
    <ClCompile Include="..\kitten\audio\AudioSource.cpp">
      <Filter>kitten\audio</Filter>
    </ClCompile>
    <ClCompile Include="..\kitten\K_RenderableSprite.cpp" />
    <ClCompile Include="ToggleSoundOnKeyPress.cpp">
      <Filter>components\sound</Filter>
    </ClCompile>
    <ClCompile Include="PlaySoundOnStart.cpp">
      <Filter>components\sound</Filter>
    </ClCompile>
    <ClCompile Include="PlaySoundOnKeyPress.cpp">
      <Filter>components\sound</Filter>
    </ClCompile>
    <ClCompile Include="DebugPrintOnce.cpp">
      <Filter>components\debug</Filter>
    </ClCompile>
    <ClCompile Include="DestroyOnClick.cpp">
      <Filter>components\debug</Filter>
    </ClCompile>
    <ClCompile Include="FPSCalc.cpp">
      <Filter>components\debug</Filter>
    </ClCompile>
    <ClCompile Include="ZoomByMouseWheel.cpp">
      <Filter>components\camera controls</Filter>
    </ClCompile>
    <ClCompile Include="MoveByMouseRightClickDrag.cpp">
      <Filter>components\camera controls</Filter>
    </ClCompile>
    <ClCompile Include="VolumeAdjustOnKeysPressed.cpp">
      <Filter>components\sound</Filter>
    </ClCompile>
    <ClCompile Include="..\kitten\audio\SoundEffectsApplier.cpp">
      <Filter>kitten\audio</Filter>
    </ClCompile>
    <ClCompile Include="..\unit\InitiativeTracker\InitiativeTrackerUI.cpp">
      <Filter>unit\InitiativeTracker</Filter>
    </ClCompile>
    <ClCompile Include="..\unit\InitiativeTracker\TrackerBlock.cpp">
      <Filter>unit\InitiativeTracker</Filter>
    </ClCompile>
    <ClCompile Include="..\unit\InitiativeTracker\TrackerBlockClickable.cpp">
      <Filter>unit\InitiativeTracker</Filter>
    </ClCompile>
    <ClCompile Include="..\unit\InitiativeTracker\TrackerPointer.cpp">
      <Filter>unit\InitiativeTracker</Filter>
    </ClCompile>
    <ClCompile Include="..\kitten\mouse picking\ClickableFrame.cpp">
      <Filter>kitten\mouse  picking</Filter>
    </ClCompile>
    <ClCompile Include="..\kitten\mouse picking\ClickableUI.cpp">
      <Filter>kitten\mouse  picking</Filter>
    </ClCompile>
    <ClCompile Include="..\kibble\custom\CustomDeckDataParser.cpp">
      <Filter>kibble\Custom</Filter>
    </ClCompile>
    <ClCompile Include="..\unit\InitiativeTracker\PointerUI.cpp">
      <Filter>unit\InitiativeTracker</Filter>
    </ClCompile>
    <ClCompile Include="..\board\clickable\ManipulateTileOnClick.cpp">
      <Filter>board\clickable</Filter>
    </ClCompile>
    <ClCompile Include="..\board\clickable\PrintWhenClicked.cpp">
      <Filter>board\clickable</Filter>
    </ClCompile>
    <ClCompile Include="..\board\clickable\SendSelfOnClick.cpp">
      <Filter>board\clickable</Filter>
    </ClCompile>
    <ClCompile Include="..\board\component\BoardCreator.cpp">
      <Filter>board\component</Filter>
    </ClCompile>
    <ClCompile Include="..\board\component\Range.cpp">
      <Filter>board\component</Filter>
    </ClCompile>
    <ClCompile Include="..\board\tile\TileInfo.cpp">
      <Filter>board\tile</Filter>
    </ClCompile>
    <ClCompile Include="..\board\BoardManager.cpp">
      <Filter>board</Filter>
    </ClCompile>
    <ClCompile Include="..\board\component\Highlighter.cpp">
      <Filter>board\component</Filter>
    </ClCompile>
    <ClCompile Include="ToggleEnabledOnKeyPress.cpp">
      <Filter>components\debug</Filter>
    </ClCompile>
    <ClCompile Include="..\kitten\K_Instance.cpp">
      <Filter>kitten</Filter>
    </ClCompile>
    <ClCompile Include="..\puppy\P_Instance.cpp">
      <Filter>puppy</Filter>
    </ClCompile>
    <ClCompile Include="..\networking\NetworkServices.cpp">
      <Filter>networking</Filter>
    </ClCompile>
    <ClCompile Include="..\networking\ServerNetwork.cpp">
      <Filter>networking</Filter>
    </ClCompile>
    <ClCompile Include="..\networking\ClientNetwork.cpp">
      <Filter>networking</Filter>
    </ClCompile>
    <ClCompile Include="..\networking\ServerGame.cpp">
      <Filter>networking</Filter>
    </ClCompile>
    <ClCompile Include="..\networking\ClientGame.cpp">
      <Filter>networking</Filter>
    </ClCompile>
    <ClCompile Include="..\networking\SpawnUnitOnKeyPress.cpp">
      <Filter>networking</Filter>
    </ClCompile>
    <ClCompile Include="..\networking\NetworkingConsoleMenu.cpp">
      <Filter>networking</Filter>
    </ClCompile>
    <ClCompile Include="..\UI\CardUIO.cpp">
      <Filter>UI</Filter>
    </ClCompile>
    <ClCompile Include="..\UI\HandFrame.cpp">
      <Filter>UI</Filter>
    </ClCompile>
    <ClCompile Include="..\UI\InterfaceBuilder.cpp">
      <Filter>UI</Filter>
    </ClCompile>
    <ClCompile Include="..\UI\UIElement.cpp">
      <Filter>UI</Filter>
    </ClCompile>
    <ClCompile Include="..\UI\UIFrame.cpp">
      <Filter>UI</Filter>
    </ClCompile>
    <ClCompile Include="..\UI\UIObject.cpp">
      <Filter>UI</Filter>
    </ClCompile>
    <ClCompile Include="..\unit\unitComponent\CooldownRecorder.cpp">
      <Filter>unit\unitComponent</Filter>
    </ClCompile>
    <ClCompile Include="..\board\component\tilePipeline\NoUnitFilter.cpp">
      <Filter>board\component\tilePipeline</Filter>
    </ClCompile>
    <ClCompile Include="..\board\component\tilePipeline\OwnedTileFilter.cpp">
      <Filter>board\component\tilePipeline</Filter>
    </ClCompile>
    <ClCompile Include="..\board\component\tilePipeline\TileFliter.cpp">
      <Filter>board\component\tilePipeline</Filter>
    </ClCompile>
    <ClCompile Include="..\board\component\tilePipeline\TilePipeline.cpp">
      <Filter>board\component\tilePipeline</Filter>
    </ClCompile>
    <ClCompile Include="..\board\component\tilePipeline\UnitFilter.cpp">
      <Filter>board\component\tilePipeline</Filter>
    </ClCompile>
    <ClCompile Include="..\unitInteraction\TileGetter.cpp">
      <Filter>unitInteraction</Filter>
    </ClCompile>
    <ClCompile Include="..\unitInteraction\UnitInteractionManager.cpp">
      <Filter>unitInteraction</Filter>
    </ClCompile>
    <ClCompile Include="..\ability\status\statusEvent\TimePointEvent.cpp">
      <Filter>ability\status\statusEvent</Filter>
    </ClCompile>
    <ClCompile Include="..\ability\ability\Move.cpp">
      <Filter>ability\ability</Filter>
    </ClCompile>
    <ClCompile Include="..\unit\unitComponent\Commander.cpp">
      <Filter>unit\unitComponent</Filter>
    </ClCompile>
    <ClCompile Include="..\unit\unitComponent\CastTimer.cpp">
      <Filter>unit\unitComponent</Filter>
    </ClCompile>
    <ClCompile Include="..\kitten\K_JobManager.cpp">
      <Filter>kitten\coroutines</Filter>
    </ClCompile>
    <ClCompile Include="..\kitten\util\AsyncFileOperations.cpp">
      <Filter>kitten\util</Filter>
    </ClCompile>
    <ClCompile Include="..\board\tile\landInfo\LandInfoManager.cpp">
      <Filter>board\tile\landInfo</Filter>
    </ClCompile>
    <ClCompile Include="..\board\component\area\Area.cpp">
      <Filter>board\component\area</Filter>
    </ClCompile>
    <ClCompile Include="..\board\component\area\PointPattern.cpp">
      <Filter>board\component\area</Filter>
    </ClCompile>
    <ClCompile Include="..\board\component\area\SpanPattern.cpp">
      <Filter>board\component\area</Filter>
    </ClCompile>
    <ClCompile Include="..\board\component\area\LineVPattern.cpp">
      <Filter>board\component\area</Filter>
    </ClCompile>
    <ClCompile Include="..\board\component\area\LineHPattern.cpp">
      <Filter>board\component\area</Filter>
    </ClCompile>
    <ClCompile Include="..\board\component\area\SquarePattern.cpp">
      <Filter>board\component\area</Filter>
    </ClCompile>
    <ClCompile Include="..\board\component\area\TrianglePattern.cpp">
      <Filter>board\component\area</Filter>
    </ClCompile>
    <ClCompile Include="..\board\component\area\AreaPattern.cpp">
      <Filter>board\component\area</Filter>
    </ClCompile>
    <ClCompile Include="..\board\tile\landInfo\SwampLand.cpp">
      <Filter>board\tile\landInfo</Filter>
    </ClCompile>
    <ClCompile Include="..\board\component\PathFind.cpp">
      <Filter>board\component</Filter>
    </ClCompile>
    <ClCompile Include="..\board\component\area\PathPattern.cpp">
      <Filter>board\component\area</Filter>
    </ClCompile>
    <ClCompile Include="StringInputDisplay.cpp">
      <Filter>components</Filter>
    </ClCompile>
    <ClCompile Include="ToggleStringInputOnKeyPress.cpp">
      <Filter>components\debug</Filter>
    </ClCompile>
    <ClCompile Include="..\kitten\sprites\SpriteAnimator.cpp">
      <Filter>kitten\sprites</Filter>
    </ClCompile>
    <ClCompile Include="..\kitten\sprites\SpriteRenderable.cpp">
      <Filter>kitten\sprites</Filter>
    </ClCompile>
    <ClCompile Include="..\kitten\sprites\SpriteSheet.cpp">
      <Filter>kitten\sprites</Filter>
    </ClCompile>
    <ClCompile Include="..\kibble\sprites\SpriteLoader.cpp">
      <Filter>kibble\sprites</Filter>
    </ClCompile>
    <ClCompile Include="..\kibble\UnitGameObject\UnitType.cpp">
      <Filter>kibble\UnitGameObject</Filter>
    </ClCompile>
    <ClCompile Include="..\ability\ability\Join.cpp">
      <Filter>ability\ability</Filter>
    </ClCompile>
    <ClCompile Include="..\board\tile\landInfo\SandLand.cpp">
      <Filter>board\tile\landInfo</Filter>
    </ClCompile>
    <ClCompile Include="..\board\tile\landInfo\ForestLand.cpp">
      <Filter>board\tile\landInfo</Filter>
    </ClCompile>
    <ClCompile Include="..\board\tile\landInfo\GardenLand.cpp">
      <Filter>board\tile\landInfo</Filter>
    </ClCompile>
    <ClCompile Include="..\ability\status\Status_AD_Change.cpp">
      <Filter>ability\status</Filter>
    </ClCompile>
    <ClCompile Include="..\ability\ability\Load.cpp">
      <Filter>ability\ability</Filter>
    </ClCompile>
    <ClCompile Include="..\ability\ability\Arm.cpp">
      <Filter>ability\ability</Filter>
    </ClCompile>
    <ClCompile Include="..\ability\status\Status_Load.cpp">
      <Filter>ability\status</Filter>
    </ClCompile>
    <ClCompile Include="..\ability\status\Status_Shield.cpp">
      <Filter>ability\status</Filter>
    </ClCompile>
    <ClCompile Include="..\puppy\TextureBlendMaterial.cpp">
      <Filter>puppy</Filter>
    </ClCompile>
    <ClCompile Include="..\networking\AbilityPacket.cpp">
      <Filter>networking</Filter>
    </ClCompile>
    <ClCompile Include="..\board\component\area\AllPattern.cpp">
      <Filter>board\component\area</Filter>
    </ClCompile>
    <ClCompile Include="..\board\component\tilePipeline\NoCommanderFilter.cpp">
      <Filter>board\component\tilePipeline</Filter>
    </ClCompile>
    <ClCompile Include="..\board\component\tilePipeline\EnemyFilter.cpp">
      <Filter>board\component\tilePipeline</Filter>
    </ClCompile>
    <ClCompile Include="..\board\component\tilePipeline\AllyFilter.cpp">
      <Filter>board\component\tilePipeline</Filter>
    </ClCompile>
    <ClCompile Include="..\ability\status\Status_Temp_Change.cpp">
      <Filter>ability\status</Filter>
    </ClCompile>
    <ClCompile Include="..\unitInteraction\CounterGetter.cpp">
      <Filter>unitInteraction</Filter>
    </ClCompile>
    <ClCompile Include="..\puppy\Particles\AccelerationAff.cpp">
      <Filter>puppy\particles</Filter>
    </ClCompile>
    <ClCompile Include="..\puppy\Particles\Affector.cpp">
      <Filter>puppy\particles</Filter>
    </ClCompile>
    <ClCompile Include="..\puppy\Particles\ColorChangeAff.cpp">
      <Filter>puppy\particles</Filter>
    </ClCompile>
    <ClCompile Include="..\puppy\Particles\ColorSpawnAff.cpp">
      <Filter>puppy\particles</Filter>
    </ClCompile>
    <ClCompile Include="..\puppy\Particles\DirectionSpawnAff.cpp">
      <Filter>puppy\particles</Filter>
    </ClCompile>
    <ClCompile Include="..\puppy\Particles\Effect.cpp">
      <Filter>puppy\particles</Filter>
    </ClCompile>
    <ClCompile Include="..\puppy\Particles\Emitter.cpp">
      <Filter>puppy\particles</Filter>
    </ClCompile>
    <ClCompile Include="..\puppy\Particles\FadeChangeAff.cpp">
      <Filter>puppy\particles</Filter>
    </ClCompile>
    <ClCompile Include="..\puppy\Particles\FadeSpawnAff.cpp">
      <Filter>puppy\particles</Filter>
    </ClCompile>
    <ClCompile Include="..\puppy\Particles\LifetimeSpawnAff.cpp">
      <Filter>puppy\particles</Filter>
    </ClCompile>
    <ClCompile Include="..\puppy\Particles\OffsetSpawnAff.cpp">
      <Filter>puppy\particles</Filter>
    </ClCompile>
    <ClCompile Include="..\puppy\Particles\PathAff.cpp">
      <Filter>puppy\particles</Filter>
    </ClCompile>
    <ClCompile Include="..\puppy\Particles\RotationChangeAff.cpp">
      <Filter>puppy\particles</Filter>
    </ClCompile>
    <ClCompile Include="..\puppy\Particles\SizeChangeAff.cpp">
      <Filter>puppy\particles</Filter>
    </ClCompile>
    <ClCompile Include="..\puppy\Particles\SizeSpawnAff.cpp">
      <Filter>puppy\particles</Filter>
    </ClCompile>
    <ClCompile Include="..\puppy\Particles\VelocitySpawnAff.cpp">
      <Filter>puppy\particles</Filter>
    </ClCompile>
    <ClCompile Include="..\expressions\lexer.cpp">
      <Filter>custom_expresssions</Filter>
    </ClCompile>
    <ClCompile Include="..\expressions\parser.cpp">
      <Filter>custom_expresssions</Filter>
    </ClCompile>
    <ClCompile Include="..\expressions\PostfixEval.cpp">
      <Filter>custom_expresssions</Filter>
    </ClCompile>
    <ClCompile Include="..\expressions\symbol.cpp">
      <Filter>custom_expresssions</Filter>
    </ClCompile>
    <ClCompile Include="..\kitten\K_ParticleSystem.cpp">
      <Filter>kitten</Filter>
    </ClCompile>
    <ClCompile Include="ToggleParticleSystemOnKeyPress.cpp">
      <Filter>components\debug</Filter>
    </ClCompile>
    <ClCompile Include="UniversalPfx.cpp">
      <Filter>components\standard effects</Filter>
    </ClCompile>
    <ClCompile Include="ClickableBoxRenderable.cpp">
      <Filter>components\debug</Filter>
    </ClCompile>
    <ClCompile Include="..\components\scene change\StartGameOnClick.cpp">
      <Filter>components\scene changers</Filter>
    </ClCompile>
    <ClCompile Include="..\components\DeckInitializingComponent.cpp">
      <Filter>components\survivors</Filter>
    </ClCompile>
    <ClCompile Include="..\components\testing\gameplay-init.cpp">
      <Filter>components\testing</Filter>
    </ClCompile>
    <ClCompile Include="..\networking\menu\NetworkHostButton.cpp">
      <Filter>networking\networking_menu</Filter>
    </ClCompile>
    <ClCompile Include="..\networking\menu\NetworkJoinButton.cpp">
      <Filter>networking\networking_menu</Filter>
    </ClCompile>
    <ClCompile Include="..\UI\TabMenu\ReturnToMainMenuButton.cpp">
      <Filter>UI\TabMenu</Filter>
    </ClCompile>
    <ClCompile Include="..\UI\TabMenu\TabMenu.cpp">
      <Filter>UI\TabMenu</Filter>
    </ClCompile>
    <ClCompile Include="..\UI\ClickableCard.cpp">
      <Filter>UI</Filter>
    </ClCompile>
    <ClCompile Include="..\UI\ContextMenu.cpp">
      <Filter>UI</Filter>
    </ClCompile>
    <ClCompile Include="..\unit\InitiativeTracker\UnitAura.cpp">
      <Filter>unit\InitiativeTracker</Filter>
    </ClCompile>
    <ClCompile Include="..\unit\unitComponent\UnitSelect.cpp">
      <Filter>unit\unitComponent</Filter>
    </ClCompile>
    <ClCompile Include="..\ability\ability\Rally.cpp">
      <Filter>ability\ability</Filter>
    </ClCompile>
    <ClCompile Include="..\board\tile\landInfo\HomeLand.cpp">
      <Filter>board\tile\landInfo</Filter>
    </ClCompile>
    <ClCompile Include="..\board\component\tilePipeline\UnownedTileFilter.cpp">
      <Filter>board\component\tilePipeline</Filter>
    </ClCompile>
    <ClCompile Include="..\ability\ability\HereHomeland.cpp">
      <Filter>ability\ability</Filter>
    </ClCompile>
    <ClCompile Include="..\kitten\sprites\SpriteGroup.cpp">
      <Filter>kitten\sprites</Filter>
    </ClCompile>
    <ClCompile Include="..\UI\ClickableButton.cpp">
      <Filter>UI</Filter>
    </ClCompile>
    <ClCompile Include="..\components\MainMenuBoard.cpp">
      <Filter>components</Filter>
    </ClCompile>
    <ClCompile Include="..\kitten\QuadRenderableRepeat.cpp">
      <Filter>kitten</Filter>
    </ClCompile>
    <ClCompile Include="..\components\CustomCursor.cpp">
      <Filter>components</Filter>
    </ClCompile>
    <ClCompile Include="..\puppy\Models\P_Model.cpp">
      <Filter>puppy\Models</Filter>
    </ClCompile>
    <ClCompile Include="..\puppy\Models\P_Mesh.cpp">
      <Filter>puppy\Models</Filter>
    </ClCompile>
    <ClCompile Include="..\kitten\ModelRenderable.cpp">
      <Filter>kitten</Filter>
    </ClCompile>
    <ClCompile Include="..\unit\unitComponent\UnitHealthBar.cpp">
      <Filter>unit\unitComponent</Filter>
    </ClCompile>
    <ClCompile Include="..\kitten\BarRenderable.cpp">
      <Filter>kitten</Filter>
    </ClCompile>
    <ClCompile Include="..\components\ChangeSceneOnClick.cpp">
      <Filter>components\scene changers</Filter>
    </ClCompile>
    <ClCompile Include="..\components\DeckComponent.cpp">
      <Filter>components\deck</Filter>
    </ClCompile>
    <ClCompile Include="..\components\DecksDisplayFrame.cpp">
      <Filter>components\deck</Filter>
    </ClCompile>
    <ClCompile Include="LerpController.cpp">
      <Filter>components\util</Filter>
    </ClCompile>
    <ClCompile Include="..\components\ExitGameButton.cpp">
      <Filter>components</Filter>
    </ClCompile>
    <ClCompile Include="..\UI\CommanderContext.cpp">
      <Filter>UI</Filter>
    </ClCompile>
    <ClCompile Include="..\ability\status\Status_Block.cpp">
      <Filter>ability\status</Filter>
    </ClCompile>
    <ClCompile Include="..\unit\unitComponent\unitAction\ActionSelect.cpp">
      <Filter>unit\unitComponent\unitAction</Filter>
    </ClCompile>
    <ClCompile Include="..\unit\unitComponent\unitAction\ActionButtonStore.cpp">
      <Filter>unit\unitComponent\unitAction</Filter>
    </ClCompile>
    <ClCompile Include="..\UI\DragNDrop.cpp">
      <Filter>UI</Filter>
    </ClCompile>
    <ClCompile Include="..\components\DragNDrop\SpawnUnitOnDrop.cpp">
      <Filter>components\dragNdrop</Filter>
    </ClCompile>
    <ClCompile Include="..\components\CameraMoveByEvent.cpp">
      <Filter>components\camera controls</Filter>
    </ClCompile>
    <ClCompile Include="..\ability\status\Status_Block.cpp" />
    <ClCompile Include="CombatText.cpp">
      <Filter>components\standard effects</Filter>
    </ClCompile>
    <ClCompile Include="DisableAfterTime.cpp">
      <Filter>components\util</Filter>
    </ClCompile>
    <ClCompile Include="..\kitten\K_Renderable.cpp">
      <Filter>kitten</Filter>
    </ClCompile>
    <ClCompile Include="..\kitten\K_UIRenderable.cpp">
      <Filter>kitten</Filter>
    </ClCompile>
    <ClCompile Include="..\puppy\P_Renderable.cpp">
      <Filter>puppy</Filter>
    </ClCompile>
    <ClCompile Include="..\puppy\P_UIRenderable.cpp">
      <Filter>puppy</Filter>
    </ClCompile>
    <ClCompile Include="..\UI\MainMenu\MainMenu.cpp">
      <Filter>UI\MainMenu</Filter>
    </ClCompile>
    <ClCompile Include="..\components\TileInfoDisplayOnKeyPress.cpp">
      <Filter>components\debug</Filter>
    </ClCompile>
    <ClCompile Include="..\networking\menu\NetworkConnectButton.cpp">
      <Filter>networking\networking_menu</Filter>
    </ClCompile>
    <ClCompile Include="..\networking\ConnectToHost.cpp">
      <Filter>networking</Filter>
    </ClCompile>
    <ClCompile Include="..\components\DrawCardOnClickUI.cpp">
      <Filter>components\deck</Filter>
    </ClCompile>
    <ClCompile Include="..\kitten\QuadEdgeRenderable.cpp">
      <Filter>kitten</Filter>
    </ClCompile>
    <ClCompile Include="..\ability\ability\Defend.cpp">
      <Filter>ability\ability</Filter>
    </ClCompile>
    <ClCompile Include="..\ability\ability\PowerSurge.cpp">
      <Filter>ability\ability</Filter>
    </ClCompile>
    <ClCompile Include="..\ability\ability\EnergyControl.cpp">
      <Filter>ability\ability</Filter>
    </ClCompile>
    <ClCompile Include="..\ability\ability\PowerSlam.cpp">
      <Filter>ability\ability</Filter>
    </ClCompile>
    <ClCompile Include="..\components\DisplayFrame.cpp">
      <Filter>components</Filter>
    </ClCompile>
    <ClCompile Include="..\components\CustomDataComponent.cpp">
      <Filter>components</Filter>
    </ClCompile>
    <ClCompile Include="..\components\DisplayFrame\CommanderDisplayFrame.cpp">
      <Filter>components\deck</Filter>
    </ClCompile>
    <ClCompile Include="..\components\DisplayFrame\UnitDisplayFrame.cpp">
      <Filter>components\deck</Filter>
    </ClCompile>
    <ClCompile Include="..\components\DecksDisplay\DisplayFrameSetChangeOnClick.cpp">
      <Filter>components\decksdisplay</Filter>
    </ClCompile>
    <ClCompile Include="..\components\DecksDisplay\DisplayFramePickerOnClick.cpp">
      <Filter>components\decksdisplay</Filter>
    </ClCompile>
    <ClCompile Include="..\components\DisplayFrame\DeckUnitsDisplayFrame.cpp">
      <Filter>components\deck</Filter>
    </ClCompile>
    <ClCompile Include="..\components\DeckAlterationComponent.cpp">
      <Filter>components\survivors</Filter>
    </ClCompile>
    <ClCompile Include="..\components\SetupDeckEditOnSceneChange.cpp">
      <Filter>components\scene changers</Filter>
    </ClCompile>
    <ClCompile Include="..\components\clickables\AddUnitOnClick.cpp">
      <Filter>components\clickables</Filter>
    </ClCompile>
    <ClCompile Include="..\components\clickables\DiscardDeckOnClick.cpp">
      <Filter>components\clickables</Filter>
    </ClCompile>
    <ClCompile Include="..\components\clickables\SaveDeckOnClick.cpp">
      <Filter>components\clickables</Filter>
    </ClCompile>
    <ClCompile Include="..\components\clickables\SetCommanderOnClick.cpp">
      <Filter>components\clickables</Filter>
    </ClCompile>
    <ClCompile Include="..\components\clickables\ChangeUnitOnClick.cpp">
      <Filter>components\clickables</Filter>
    </ClCompile>
    <ClCompile Include="..\components\clickables\AddNewDeckOnClick.cpp">
      <Filter>components\clickables</Filter>
    </ClCompile>
    <ClCompile Include="..\components\clickables\DeleteDeckOnClick.cpp">
      <Filter>components\clickables</Filter>
    </ClCompile>
    <ClCompile Include="..\board\tile\DecorationGenerator.cpp">
      <Filter>board\tile</Filter>
    </ClCompile>
    <ClCompile Include="..\board\tile\TileDecoration.cpp">
      <Filter>board\tile</Filter>
    </ClCompile>
    <ClCompile Include="..\kitten\SimpleQuadRenderable.cpp">
      <Filter>kitten</Filter>
    </ClCompile>
    <ClCompile Include="..\UI\CardContext.cpp">
      <Filter>UI</Filter>
    </ClCompile>
    <ClCompile Include="ShowLoadingOnClick.cpp">
      <Filter>components\scene changers</Filter>
    </ClCompile>
    <ClCompile Include="..\puppy\Text\PivotTextBox.cpp" />
    <ClCompile Include="CardArt.cpp">
      <Filter>UI</Filter>
    </ClCompile>
    <ClCompile Include="..\puppy\lights\P_DirectionalLight.cpp">
      <Filter>puppy\lights</Filter>
    </ClCompile>
    <ClCompile Include="..\puppy\lights\P_LightList.cpp">
      <Filter>puppy\lights</Filter>
    </ClCompile>
    <ClCompile Include="..\kitten\lights\K_DirectionalLight.cpp">
      <Filter>kitten\lights</Filter>
    </ClCompile>
    <ClCompile Include="ShowLoadingOnClick.cpp">
      <Filter>components\scene changers</Filter>
    </ClCompile>
    <ClCompile Include="..\unitInteraction\CounterGetterButton.cpp">
      <Filter>unitInteraction</Filter>
    </ClCompile>
    <ClCompile Include="..\unitInteraction\CounterGetterController.cpp">
      <Filter>unitInteraction</Filter>
    </ClCompile>
    <ClCompile Include="..\UI\TriggerEventButton.cpp">
      <Filter>UI</Filter>
    </ClCompile>
    <ClCompile Include="..\components\clickables\DiscardCardOnClick.cpp">
      <Filter>components\clickables</Filter>
    </ClCompile>
    <ClCompile Include="..\components\clickables\HoverOverCardBehavior.cpp">
      <Filter>components\clickables</Filter>
    </ClCompile>
    <ClCompile Include="..\components\initializers\DrawCardsFromDeckWithDelay.cpp">
      <Filter>components\initializer</Filter>
    </ClCompile>
    <ClCompile Include="..\components\DeckDiscardedCardHandler.cpp">
      <Filter>components\deck</Filter>
    </ClCompile>
    <ClCompile Include="..\unit\InitiativeTracker\NewTurnMessageController.cpp">
      <Filter>unit\InitiativeTracker</Filter>
    </ClCompile>
    <ClCompile Include="..\unit\InitiativeTracker\TurnChangeDisplay.cpp">
      <Filter>unit\InitiativeTracker</Filter>
    </ClCompile>
    <ClCompile Include="..\unit\unitComponent\TimerSymbol.cpp">
      <Filter>unit\unitComponent</Filter>
    </ClCompile>
    <ClCompile Include="ProjectileManager.cpp">
      <Filter>ability</Filter>
    </ClCompile>
    <ClCompile Include="..\kitten\K_RenderableSprite.cpp">
      <Filter>kitten\sprites</Filter>
    </ClCompile>
    <ClCompile Include="ProjectileParticleSystemHelper.cpp">
      <Filter>components\util</Filter>
    </ClCompile>
    <ClCompile Include="..\components\scene change\StartNewDeckSetupWizard.cpp">
      <Filter>components\scene changers</Filter>
    </ClCompile>
    <ClCompile Include="..\ability\status\Status_Curse.cpp">
      <Filter>ability\status</Filter>
    </ClCompile>
    <ClCompile Include="..\ability\ability\Curse.cpp">
      <Filter>ability\ability</Filter>
    </ClCompile>
    <ClCompile Include="..\ability\ability\Oppose.cpp">
      <Filter>ability\ability</Filter>
    </ClCompile>
    <ClCompile Include="..\ability\status\demonic_restriction\Status_Demonic_Restriction.cpp">
      <Filter>ability\status\demonic_restriction</Filter>
    </ClCompile>
    <ClCompile Include="..\ability\status\Status_Eternal_Eye_LV3.cpp">
      <Filter>ability\status</Filter>
    </ClCompile>
    <ClCompile Include="..\ability\status\demonic_restriction\Status_DR_Eternal_Eye.cpp">
      <Filter>ability\status\demonic_restriction</Filter>
    </ClCompile>
    <ClCompile Include="..\board\component\tilePipeline\IsDPFilter.cpp">
      <Filter>board\component\tilePipeline</Filter>
    </ClCompile>
    <ClCompile Include="..\board\component\tilePipeline\NotDPFilter.cpp">
      <Filter>board\component\tilePipeline</Filter>
    </ClCompile>
    <ClCompile Include="..\ability\ability\FearStrike.cpp">
      <Filter>ability\ability</Filter>
    </ClCompile>
    <ClCompile Include="..\ability\ability\Mucus.cpp">
      <Filter>ability\ability</Filter>
    </ClCompile>
    <ClCompile Include="..\ability\status\Status_Lancer_LV2.cpp">
      <Filter>ability\status</Filter>
    </ClCompile>
    <ClCompile Include="..\ability\status\demonic_restriction\Status_DR_Mud_Demon.cpp">
      <Filter>ability\status\demonic_restriction</Filter>
    </ClCompile>
    <ClCompile Include="..\ability\ability\Activate.cpp">
      <Filter>ability\ability</Filter>
    </ClCompile>
    <ClCompile Include="..\board\component\tilePipeline\SelfFilter.cpp">
      <Filter>board\component\tilePipeline</Filter>
    </ClCompile>
    <ClCompile Include="..\components\PromptPopUp.cpp">
      <Filter>components</Filter>
    </ClCompile>
    <ClCompile Include="..\components\clickables\PromptPopUpDeclineOnClick.cpp">
      <Filter>components\clickables</Filter>
    </ClCompile>
    <ClCompile Include="..\components\clickables\PromptPopUpSuccessOnClick.cpp">
      <Filter>components\clickables</Filter>
    </ClCompile>
    <ClCompile Include="..\components\DeckCountTextureBind.cpp">
      <Filter>components</Filter>
    </ClCompile>
    <ClCompile Include="..\networking\TextChat.cpp">
      <Filter>networking</Filter>
    </ClCompile>
    <ClCompile Include="..\networking\ReadyCheck.cpp">
      <Filter>networking</Filter>
    </ClCompile>
    <ClCompile Include="..\kitten\K_RenderNode.cpp">
      <Filter>kitten</Filter>
    </ClCompile>
    <ClCompile Include="RefreshParticleSystemOnKeyPress.cpp">
      <Filter>components\debug</Filter>
    </ClCompile>
    <ClCompile Include="PlayParticleSystemAtMouseClick.cpp">
      <Filter>components\debug</Filter>
    </ClCompile>
    <ClCompile Include="ReloadObjectOnKeyPress.cpp">
      <Filter>components\debug</Filter>
    </ClCompile>
    <ClCompile Include="HaltParticleSystemAfterTime.cpp">
      <Filter>components\util</Filter>
    </ClCompile>
    <ClCompile Include="..\UI\Borders\BorderPiece.cpp">
      <Filter>UI\Borders</Filter>
    </ClCompile>
    <ClCompile Include="..\puppy\lights\P_PointLight.cpp">
      <Filter>puppy\lights</Filter>
    </ClCompile>
    <ClCompile Include="..\kitten\lights\K_PointLight.cpp">
      <Filter>kitten\lights</Filter>
    </ClCompile>
    <ClCompile Include="PlayParticleSystemOnEnable.cpp">
      <Filter>components\util</Filter>
    </ClCompile>
    <ClCompile Include="..\UI\LandContext.cpp">
      <Filter>UI</Filter>
    </ClCompile>
    <ClCompile Include="UniversalSounds.cpp">
      <Filter>components\sound</Filter>
    </ClCompile>
    <ClCompile Include="PlaySoundOnUIClick.cpp">
      <Filter>components\sound</Filter>
    </ClCompile>
    <ClCompile Include="PlayUniversalSoundOnUIClick.cpp">
      <Filter>components\sound</Filter>
    </ClCompile>
    <ClCompile Include="LoadSceneOnStart.cpp">
      <Filter>components</Filter>
    </ClCompile>
    <ClCompile Include="..\board\component\tilePipeline\StructureFilter.cpp">
      <Filter>board\component\tilePipeline</Filter>
    </ClCompile>
    <ClCompile Include="..\board\component\tilePipeline\NonStructureFilter.cpp">
      <Filter>board\component\tilePipeline</Filter>
    </ClCompile>
    <ClCompile Include="..\UI\TurnCounterController.cpp">
      <Filter>UI</Filter>
    </ClCompile>
    <ClCompile Include="..\components\RenameDeckComponent.cpp">
      <Filter>components</Filter>
    </ClCompile>
    <ClCompile Include="..\networking\NetworkLog.cpp">
      <Filter>networking</Filter>
    </ClCompile>
    <ClCompile Include="FadePointLightOverTime.cpp">
      <Filter>components\visualFX</Filter>
    </ClCompile>
    <ClCompile Include="PlayUniversalSoundOnEnable.cpp">
      <Filter>components\sound</Filter>
    </ClCompile>
  </ItemGroup>
  <ItemGroup>
    <ClInclude Include="..\kitten\K_Common.h">
      <Filter>kitten</Filter>
    </ClInclude>
    <ClInclude Include="..\kitten\K_Component.h">
      <Filter>kitten</Filter>
    </ClInclude>
    <ClInclude Include="..\kitten\K_ComponentManager.h">
      <Filter>kitten</Filter>
    </ClInclude>
    <ClInclude Include="..\kitten\K_Game.h">
      <Filter>kitten</Filter>
    </ClInclude>
    <ClInclude Include="..\kitten\K_GameObject.h">
      <Filter>kitten</Filter>
    </ClInclude>
    <ClInclude Include="..\kitten\K_GameObjectManager.h">
      <Filter>kitten</Filter>
    </ClInclude>
    <ClInclude Include="..\kitten\K_Time.h">
      <Filter>kitten</Filter>
    </ClInclude>
    <ClInclude Include="..\puppy\FBO.h">
      <Filter>puppy</Filter>
    </ClInclude>
    <ClInclude Include="..\puppy\Material.h">
      <Filter>puppy</Filter>
    </ClInclude>
    <ClInclude Include="..\puppy\MaterialManager.h">
      <Filter>puppy</Filter>
    </ClInclude>
    <ClInclude Include="..\puppy\P_Common.h">
      <Filter>puppy</Filter>
    </ClInclude>
    <ClInclude Include="..\puppy\RenderBuffer.h">
      <Filter>puppy</Filter>
    </ClInclude>
    <ClInclude Include="..\puppy\Renderer.h">
      <Filter>puppy</Filter>
    </ClInclude>
    <ClInclude Include="..\puppy\ShaderManager.h">
      <Filter>puppy</Filter>
    </ClInclude>
    <ClInclude Include="..\puppy\ShaderProgram.h">
      <Filter>puppy</Filter>
    </ClInclude>
    <ClInclude Include="..\puppy\StaticRenderables.h">
      <Filter>puppy</Filter>
    </ClInclude>
    <ClInclude Include="..\puppy\Texture.h">
      <Filter>puppy</Filter>
    </ClInclude>
    <ClInclude Include="..\puppy\VertexEnvironment.h">
      <Filter>puppy</Filter>
    </ClInclude>
    <ClInclude Include="..\kitten\CubeRenderable.h">
      <Filter>kitten</Filter>
    </ClInclude>
    <ClInclude Include="..\kitten\Camera.h">
      <Filter>kitten</Filter>
    </ClInclude>
    <ClInclude Include="..\kitten\Frustum.h">
      <Filter>kitten</Filter>
    </ClInclude>
    <ClInclude Include="..\kitten\InputManager.h">
      <Filter>kitten</Filter>
    </ClInclude>
    <ClInclude Include="..\kitten\Transform.h">
      <Filter>kitten</Filter>
    </ClInclude>
    <ClInclude Include="..\wolf\W_Common.h">
      <Filter>wolf</Filter>
    </ClInclude>
    <ClInclude Include="..\pugixml\pugixml.hpp">
      <Filter>pugi</Filter>
    </ClInclude>
    <ClInclude Include="..\pugixml\pugiconfig.hpp">
      <Filter>pugi</Filter>
    </ClInclude>
    <ClInclude Include="..\kitten\K_CameraList.h">
      <Filter>kitten</Filter>
    </ClInclude>
    <ClInclude Include="..\unit\UnitCommon.h">
      <Filter>unit</Filter>
    </ClInclude>
    <ClInclude Include="..\unit\UnitMonitor.h">
      <Filter>unit</Filter>
    </ClInclude>
    <ClInclude Include="..\unit\UnitSpawn.h">
      <Filter>unit</Filter>
    </ClInclude>
    <ClInclude Include="..\unit\UnitTest.h">
      <Filter>unit</Filter>
    </ClInclude>
    <ClInclude Include="..\ability\node\AbilityNode.h">
      <Filter>ability\node</Filter>
    </ClInclude>
    <ClInclude Include="..\ability\status\Status.h">
      <Filter>ability\status</Filter>
    </ClInclude>
    <ClInclude Include="..\ability\ability\Ability.h">
      <Filter>ability\ability</Filter>
    </ClInclude>
    <ClInclude Include="..\ability\AbilityManager.h">
      <Filter>ability</Filter>
    </ClInclude>
    <ClInclude Include="..\ability\node\AbilityNodeManager.h">
      <Filter>ability\node</Filter>
    </ClInclude>
    <ClInclude Include="..\ability\AbilityInfoPackage.h">
      <Filter>ability</Filter>
    </ClInclude>
    <ClInclude Include="..\json.hpp">
      <Filter>kibble\JSON</Filter>
    </ClInclude>
    <ClInclude Include="..\kibble\UnitDataParser.hpp">
      <Filter>kibble</Filter>
    </ClInclude>
    <ClInclude Include="..\kibble\json\JSONUnitDataParser.hpp">
      <Filter>kibble\JSON</Filter>
    </ClInclude>
    <ClInclude Include="..\kibble\json\JSONGameObjectDataParser.hpp">
      <Filter>kibble\JSON</Filter>
    </ClInclude>
    <ClInclude Include="..\kibble\GameObjectDataParser.hpp">
      <Filter>kibble</Filter>
    </ClInclude>
    <ClInclude Include="..\kibble\kibble.hpp">
      <Filter>kibble</Filter>
    </ClInclude>
    <ClInclude Include="..\kibble\json\jsonextra.hpp">
      <Filter>kibble\JSON</Filter>
    </ClInclude>
    <ClInclude Include="..\gameworld\GameBoard.h" />
    <ClInclude Include="..\gameworld\GrassLandInfoComponent.h" />
    <ClInclude Include="..\gameworld\TileInformationComponent.h" />
    <ClInclude Include="..\kitten\mouse picking\ActiveClickables.h">
      <Filter>kitten\mouse  picking</Filter>
    </ClInclude>
    <ClInclude Include="..\kitten\mouse picking\Clickable.h">
      <Filter>kitten\mouse  picking</Filter>
    </ClInclude>
    <ClInclude Include="..\kitten\mouse picking\MousePicker.h">
      <Filter>kitten\mouse  picking</Filter>
    </ClInclude>
    <ClInclude Include="..\kitten\mouse picking\Ray.h">
      <Filter>kitten\mouse  picking</Filter>
    </ClInclude>
    <ClInclude Include="..\kibble\json\Datatypes\ComponentDataType.hpp">
      <Filter>kibble\JSON\Datatypes</Filter>
    </ClInclude>
    <ClInclude Include="..\kibble\json\Datatypes\UnitDataType.hpp">
      <Filter>kibble\JSON\Datatypes</Filter>
    </ClInclude>
    <ClInclude Include="..\kibble\json\Datatypes\GameObjectDataType.hpp">
      <Filter>kibble\JSON\Datatypes</Filter>
    </ClInclude>
    <ClInclude Include="..\kibble\json\Datatypes\SceneDataType.hpp">
      <Filter>kibble\JSON\Datatypes</Filter>
    </ClInclude>
    <ClInclude Include="..\kitten\QuadRenderable.h">
      <Filter>kitten</Filter>
    </ClInclude>
    <ClInclude Include="..\unit\unitComponent\StatusContainer.h">
      <Filter>unit\unitComponent</Filter>
    </ClInclude>
    <ClInclude Include="..\unit\unitComponent\UnitGraphic.h">
      <Filter>unit\unitComponent</Filter>
    </ClInclude>
    <ClInclude Include="..\kitten\event_system\Event.h">
      <Filter>kitten\event_system</Filter>
    </ClInclude>
    <ClInclude Include="..\kitten\event_system\EventExample.h">
      <Filter>kitten\event_system</Filter>
    </ClInclude>
    <ClInclude Include="..\kitten\event_system\EventManager.h">
      <Filter>kitten\event_system</Filter>
    </ClInclude>
    <ClInclude Include="..\kitten\mouse picking\ClickableBox.h">
      <Filter>kitten\mouse  picking</Filter>
    </ClInclude>
    <ClInclude Include="..\kibble\databank\databank.hpp">
      <Filter>kibble\databank</Filter>
    </ClInclude>
    <ClInclude Include="..\ability\StatusManager.h">
      <Filter>ability</Filter>
    </ClInclude>
    <ClInclude Include="..\puppy\Text\Font.h">
      <Filter>puppy\Text</Filter>
    </ClInclude>
    <ClInclude Include="..\puppy\Text\FontTable.h">
      <Filter>puppy\Text</Filter>
    </ClInclude>
    <ClInclude Include="..\puppy\Text\TextBox.h">
      <Filter>puppy\Text</Filter>
    </ClInclude>
    <ClInclude Include="..\puppy\Text\TextTable.h">
      <Filter>puppy\Text</Filter>
    </ClInclude>
    <ClInclude Include="UseAbilityWhenClicked.h">
      <Filter>components</Filter>
    </ClInclude>
    <ClInclude Include="..\components\PowerTracker.h">
      <Filter>components</Filter>
    </ClInclude>
    <ClInclude Include="..\components\SelectAbility.h">
      <Filter>components</Filter>
    </ClInclude>
    <ClInclude Include="..\unit\InitiativeTracker\InitiativeTracker.h">
      <Filter>unit\InitiativeTracker</Filter>
    </ClInclude>
    <ClInclude Include="..\unit\InitiativeTracker\UnitTurn.h">
      <Filter>unit\InitiativeTracker</Filter>
    </ClInclude>
    <ClInclude Include="..\unit\Unit.h">
      <Filter>unit</Filter>
    </ClInclude>
    <ClInclude Include="..\unit\unitComponent\UnitMove.h">
      <Filter>unit\unitComponent</Filter>
    </ClInclude>
    <ClInclude Include="..\kitten\audio\AudioEngineWrapper.h">
      <Filter>kitten\audio</Filter>
    </ClInclude>
    <ClInclude Include="..\kitten\audio\AudioListener.h">
      <Filter>kitten\audio</Filter>
    </ClInclude>
    <ClInclude Include="..\kitten\audio\AudioSource.h">
      <Filter>kitten\audio</Filter>
    </ClInclude>
    <ClInclude Include="..\kitten\K_RenderableSprite.h" />
    <ClInclude Include="..\puppy\P_Sprite.h" />
    <ClInclude Include="ToggleSoundOnKeyPress.h">
      <Filter>components\sound</Filter>
    </ClInclude>
    <ClInclude Include="PlaySoundOnStart.h">
      <Filter>components\sound</Filter>
    </ClInclude>
    <ClInclude Include="PlaySoundOnKeyPress.h">
      <Filter>components\sound</Filter>
    </ClInclude>
    <ClInclude Include="DebugPrintOnce.h">
      <Filter>components\debug</Filter>
    </ClInclude>
    <ClInclude Include="DestroyOnClick.h">
      <Filter>components\debug</Filter>
    </ClInclude>
    <ClInclude Include="FPSCalc.h">
      <Filter>components\debug</Filter>
    </ClInclude>
    <ClInclude Include="ZoomByMouseWheel.h">
      <Filter>components\camera controls</Filter>
    </ClInclude>
    <ClInclude Include="MoveByMouseRightClickDrag.h">
      <Filter>components\camera controls</Filter>
    </ClInclude>
    <ClInclude Include="VolumeAdjustOnKeysPressed.h">
      <Filter>components\sound</Filter>
    </ClInclude>
    <ClInclude Include="..\util\MathUtil.h">
      <Filter>util</Filter>
    </ClInclude>
    <ClInclude Include="..\kitten\audio\SoundEffectsApplier.h">
      <Filter>kitten\audio</Filter>
    </ClInclude>
    <ClInclude Include="..\unit\InitiativeTracker\InitiativeTrackerUI.h">
      <Filter>unit\InitiativeTracker</Filter>
    </ClInclude>
    <ClInclude Include="..\unit\InitiativeTracker\TrackerBlock.h">
      <Filter>unit\InitiativeTracker</Filter>
    </ClInclude>
    <ClInclude Include="..\unit\InitiativeTracker\TrackerBlockClickable.h">
      <Filter>unit\InitiativeTracker</Filter>
    </ClInclude>
    <ClInclude Include="..\unit\InitiativeTracker\TrackerPointer.h">
      <Filter>unit\InitiativeTracker</Filter>
    </ClInclude>
    <ClInclude Include="..\unit\InitiativeTracker\PointerUI.h">
      <Filter>unit\InitiativeTracker</Filter>
    </ClInclude>
    <ClInclude Include="..\DeckData.hpp" />
    <ClInclude Include="..\kibble\DeckDataParser.hpp">
      <Filter>kibble</Filter>
    </ClInclude>
    <ClInclude Include="..\kibble\custom\CustomDeckDataParser.hpp">
      <Filter>kibble\Custom</Filter>
    </ClInclude>
    <ClInclude Include="..\board\BoardManager.h">
      <Filter>board</Filter>
    </ClInclude>
    <ClInclude Include="..\board\clickable\ManipulateTileOnClick.h">
      <Filter>board\clickable</Filter>
    </ClInclude>
    <ClInclude Include="..\board\clickable\PrintWhenClicked.h">
      <Filter>board\clickable</Filter>
    </ClInclude>
    <ClInclude Include="..\board\clickable\SendSelfOnClick.h">
      <Filter>board\clickable</Filter>
    </ClInclude>
    <ClInclude Include="..\board\component\BoardCreator.h">
      <Filter>board\component</Filter>
    </ClInclude>
    <ClInclude Include="..\board\component\Range.h">
      <Filter>board\component</Filter>
    </ClInclude>
    <ClInclude Include="..\board\tile\TileInfo.h">
      <Filter>board\tile</Filter>
    </ClInclude>
    <ClInclude Include="..\board\component\Highlighter.h">
      <Filter>board\component</Filter>
    </ClInclude>
    <ClInclude Include="ToggleEnabledOnKeyPress.h">
      <Filter>components\debug</Filter>
    </ClInclude>
    <ClInclude Include="..\kitten\K_Instance.h">
      <Filter>kitten</Filter>
    </ClInclude>
    <ClInclude Include="..\puppy\P_Instance.h">
      <Filter>puppy</Filter>
    </ClInclude>
    <ClInclude Include="..\kitten\mouse picking\ClickableFrame.h">
      <Filter>kitten\mouse  picking</Filter>
    </ClInclude>
    <ClInclude Include="..\kitten\mouse picking\ClickableUI.h">
      <Filter>kitten\mouse  picking</Filter>
    </ClInclude>
    <ClInclude Include="..\networking\NetworkServices.h">
      <Filter>networking</Filter>
    </ClInclude>
    <ClInclude Include="..\networking\NetworkData.h">
      <Filter>networking</Filter>
    </ClInclude>
    <ClInclude Include="..\networking\ServerNetwork.h">
      <Filter>networking</Filter>
    </ClInclude>
    <ClInclude Include="..\networking\ClientNetwork.h">
      <Filter>networking</Filter>
    </ClInclude>
    <ClInclude Include="..\networking\ServerGame.h">
      <Filter>networking</Filter>
    </ClInclude>
    <ClInclude Include="..\networking\ClientGame.h">
      <Filter>networking</Filter>
    </ClInclude>
    <ClInclude Include="..\networking\SpawnUnitOnKeyPress.h">
      <Filter>networking</Filter>
    </ClInclude>
    <ClInclude Include="..\networking\NetworkingConsoleMenu.h">
      <Filter>networking</Filter>
    </ClInclude>
    <ClInclude Include="..\board\component\tilePipeline\TileFliter.h">
      <Filter>board\component\tilePipeline</Filter>
    </ClInclude>
    <ClInclude Include="..\board\component\tilePipeline\TilePipeline.h">
      <Filter>board\component\tilePipeline</Filter>
    </ClInclude>
    <ClInclude Include="..\UI\CardUIO.h">
      <Filter>UI</Filter>
    </ClInclude>
    <ClInclude Include="..\UI\HandFrame.h">
      <Filter>UI</Filter>
    </ClInclude>
    <ClInclude Include="..\UI\InterfaceBuilder.h">
      <Filter>UI</Filter>
    </ClInclude>
    <ClInclude Include="..\UI\UIElement.h">
      <Filter>UI</Filter>
    </ClInclude>
    <ClInclude Include="..\UI\UIFrame.h">
      <Filter>UI</Filter>
    </ClInclude>
    <ClInclude Include="..\UI\UIObject.h">
      <Filter>UI</Filter>
    </ClInclude>
    <ClInclude Include="..\unit\unitComponent\CooldownRecorder.h">
      <Filter>unit\unitComponent</Filter>
    </ClInclude>
    <ClInclude Include="..\unitInteraction\TileGetter.h">
      <Filter>unitInteraction</Filter>
    </ClInclude>
    <ClInclude Include="..\unitInteraction\UnitInteractionManager.h">
      <Filter>unitInteraction</Filter>
    </ClInclude>
    <ClInclude Include="..\ability\status\statusEvent\TimePointEvent.h">
      <Filter>ability\status\statusEvent</Filter>
    </ClInclude>
    <ClInclude Include="..\unit\unitComponent\Commander.h">
      <Filter>unit\unitComponent</Filter>
    </ClInclude>
    <ClInclude Include="..\unit\unitComponent\CastTimer.h">
      <Filter>unit\unitComponent</Filter>
    </ClInclude>
    <ClInclude Include="..\kitten\K_Job.h">
      <Filter>kitten\coroutines</Filter>
    </ClInclude>
    <ClInclude Include="..\kitten\K_Routine.h">
      <Filter>kitten\coroutines</Filter>
    </ClInclude>
    <ClInclude Include="..\kitten\K_JobManager.h">
      <Filter>kitten\coroutines</Filter>
    </ClInclude>
    <ClInclude Include="..\kitten\util\AsyncFileOperations.h">
      <Filter>kitten\util</Filter>
    </ClInclude>
    <ClInclude Include="..\board\tile\landInfo\LandInfoManager.h">
      <Filter>board\tile\landInfo</Filter>
    </ClInclude>
    <ClInclude Include="..\board\tile\landInfo\LandInformation.h">
      <Filter>board\tile\landInfo</Filter>
    </ClInclude>
    <ClInclude Include="..\board\component\area\Area.h">
      <Filter>board\component\area</Filter>
    </ClInclude>
    <ClInclude Include="..\board\component\area\AreaPattern.h">
      <Filter>board\component\area</Filter>
    </ClInclude>
    <ClInclude Include="..\board\component\PathFind.h">
      <Filter>board\component</Filter>
    </ClInclude>
    <ClInclude Include="StringInputDisplay.h">
      <Filter>components</Filter>
    </ClInclude>
    <ClInclude Include="ToggleStringInputOnKeyPress.h">
      <Filter>components\debug</Filter>
    </ClInclude>
    <ClInclude Include="..\kitten\sprites\SpriteAnimator.h">
      <Filter>kitten\sprites</Filter>
    </ClInclude>
    <ClInclude Include="..\kitten\sprites\SpriteRenderable.h">
      <Filter>kitten\sprites</Filter>
    </ClInclude>
    <ClInclude Include="..\kitten\sprites\SpriteSheet.h">
      <Filter>kitten\sprites</Filter>
    </ClInclude>
    <ClInclude Include="..\kibble\sprites\SpriteLoader.h">
      <Filter>kibble\sprites</Filter>
    </ClInclude>
    <ClInclude Include="..\kibble\UnitGameObject\UnitType.h">
      <Filter>kibble\UnitGameObject</Filter>
    </ClInclude>
    <ClInclude Include="..\puppy\TextureBlendMaterial.h">
      <Filter>puppy</Filter>
    </ClInclude>
    <ClInclude Include="..\ability\AbilityMacro.h">
      <Filter>ability</Filter>
    </ClInclude>
    <ClInclude Include="..\unitInteraction\CounterGetter.h">
      <Filter>unitInteraction</Filter>
    </ClInclude>
    <ClInclude Include="..\puppy\Particles\AccelerationAff.h">
      <Filter>puppy\particles</Filter>
    </ClInclude>
    <ClInclude Include="..\puppy\Particles\Affector.h">
      <Filter>puppy\particles</Filter>
    </ClInclude>
    <ClInclude Include="..\puppy\Particles\ColorChangeAff.h">
      <Filter>puppy\particles</Filter>
    </ClInclude>
    <ClInclude Include="..\puppy\Particles\ColorSpawnAff.h">
      <Filter>puppy\particles</Filter>
    </ClInclude>
    <ClInclude Include="..\puppy\Particles\DirectionSpawnAff.h">
      <Filter>puppy\particles</Filter>
    </ClInclude>
    <ClInclude Include="..\puppy\Particles\Effect.h">
      <Filter>puppy\particles</Filter>
    </ClInclude>
    <ClInclude Include="..\puppy\Particles\Emitter.h">
      <Filter>puppy\particles</Filter>
    </ClInclude>
    <ClInclude Include="..\puppy\Particles\FadeChangeAff.h">
      <Filter>puppy\particles</Filter>
    </ClInclude>
    <ClInclude Include="..\puppy\Particles\FadeSpawnAff.h">
      <Filter>puppy\particles</Filter>
    </ClInclude>
    <ClInclude Include="..\puppy\Particles\LifetimeSpawnAff.h">
      <Filter>puppy\particles</Filter>
    </ClInclude>
    <ClInclude Include="..\puppy\Particles\OffsetSpawnAff.h">
      <Filter>puppy\particles</Filter>
    </ClInclude>
    <ClInclude Include="..\puppy\Particles\Particle.h">
      <Filter>puppy\particles</Filter>
    </ClInclude>
    <ClInclude Include="..\puppy\Particles\PathAff.h">
      <Filter>puppy\particles</Filter>
    </ClInclude>
    <ClInclude Include="..\puppy\Particles\RotationChangeAff.h">
      <Filter>puppy\particles</Filter>
    </ClInclude>
    <ClInclude Include="..\puppy\Particles\SizeChangeAff.h">
      <Filter>puppy\particles</Filter>
    </ClInclude>
    <ClInclude Include="..\puppy\Particles\SizeSpawnAff.h">
      <Filter>puppy\particles</Filter>
    </ClInclude>
    <ClInclude Include="..\puppy\Particles\SpawnAffector.h">
      <Filter>puppy\particles</Filter>
    </ClInclude>
    <ClInclude Include="..\puppy\Particles\VelocitySpawnAff.h">
      <Filter>puppy\particles</Filter>
    </ClInclude>
    <ClInclude Include="..\expressions\global.h">
      <Filter>custom_expresssions</Filter>
    </ClInclude>
    <ClInclude Include="..\expressions\lexer.h">
      <Filter>custom_expresssions</Filter>
    </ClInclude>
    <ClInclude Include="..\expressions\parser.h">
      <Filter>custom_expresssions</Filter>
    </ClInclude>
    <ClInclude Include="..\expressions\PostfixEval.h">
      <Filter>custom_expresssions</Filter>
    </ClInclude>
    <ClInclude Include="..\expressions\PostfixOperator.h">
      <Filter>custom_expresssions</Filter>
    </ClInclude>
    <ClInclude Include="..\kitten\K_ParticleSystem.h">
      <Filter>kitten</Filter>
    </ClInclude>
    <ClInclude Include="ToggleParticleSystemOnKeyPress.h">
      <Filter>components\debug</Filter>
    </ClInclude>
    <ClInclude Include="UniversalPfx.h">
      <Filter>components\standard effects</Filter>
    </ClInclude>
    <ClInclude Include="ClickableBoxRenderable.h">
      <Filter>components\debug</Filter>
    </ClInclude>
    <ClInclude Include="..\components\scene change\StartGameOnClick.h">
      <Filter>components\scene changers</Filter>
    </ClInclude>
    <ClInclude Include="..\components\DeckInitializingComponent.h">
      <Filter>components\survivors</Filter>
    </ClInclude>
    <ClInclude Include="..\components\testing\gameplay-init.h">
      <Filter>components\testing</Filter>
    </ClInclude>
    <ClInclude Include="..\networking\menu\NetworkHostButton.h">
      <Filter>networking\networking_menu</Filter>
    </ClInclude>
    <ClInclude Include="..\networking\menu\NetworkJoinButton.h">
      <Filter>networking\networking_menu</Filter>
    </ClInclude>
    <ClInclude Include="..\UI\TabMenu\ReturnToMainMenuButton.h">
      <Filter>UI\TabMenu</Filter>
    </ClInclude>
    <ClInclude Include="..\UI\TabMenu\TabMenu.h">
      <Filter>UI\TabMenu</Filter>
    </ClInclude>
    <ClInclude Include="..\UI\ClickableCard.h">
      <Filter>UI</Filter>
    </ClInclude>
    <ClInclude Include="..\UI\ContextMenu.h">
      <Filter>UI</Filter>
    </ClInclude>
    <ClInclude Include="..\unit\unitComponent\UnitSelect.h">
      <Filter>unit\unitComponent</Filter>
    </ClInclude>
    <ClInclude Include="..\unit\InitiativeTracker\UnitAura.h">
      <Filter>unit\InitiativeTracker</Filter>
    </ClInclude>
    <ClInclude Include="..\kitten\sprites\SpriteGroup.h">
      <Filter>kitten\sprites</Filter>
    </ClInclude>
    <ClInclude Include="..\components\CustomCursor.h">
      <Filter>components</Filter>
    </ClInclude>
    <ClInclude Include="CombatText.h">
      <Filter>components\standard effects</Filter>
    </ClInclude>
    <ClInclude Include="..\puppy\Models\P_Model.h">
      <Filter>puppy\Models</Filter>
    </ClInclude>
    <ClInclude Include="..\UI\ClickableButton.h">
      <Filter>UI</Filter>
    </ClInclude>
    <ClInclude Include="..\components\MainMenuBoard.h">
      <Filter>components</Filter>
    </ClInclude>
    <ClInclude Include="..\kitten\QuadRenderableRepeat.h">
      <Filter>kitten</Filter>
    </ClInclude>
    <ClInclude Include="..\assimp\include\assimp\ai_assert.h">
      <Filter>assimp</Filter>
    </ClInclude>
    <ClInclude Include="..\assimp\include\assimp\anim.h">
      <Filter>assimp</Filter>
    </ClInclude>
    <ClInclude Include="..\assimp\include\assimp\BaseImporter.h">
      <Filter>assimp</Filter>
    </ClInclude>
    <ClInclude Include="..\assimp\include\assimp\Bitmap.h">
      <Filter>assimp</Filter>
    </ClInclude>
    <ClInclude Include="..\assimp\include\assimp\BlobIOSystem.h">
      <Filter>assimp</Filter>
    </ClInclude>
    <ClInclude Include="..\assimp\include\assimp\ByteSwapper.h">
      <Filter>assimp</Filter>
    </ClInclude>
    <ClInclude Include="..\assimp\include\assimp\camera.h">
      <Filter>assimp</Filter>
    </ClInclude>
    <ClInclude Include="..\assimp\include\assimp\cexport.h">
      <Filter>assimp</Filter>
    </ClInclude>
    <ClInclude Include="..\assimp\include\assimp\cfileio.h">
      <Filter>assimp</Filter>
    </ClInclude>
    <ClInclude Include="..\assimp\include\assimp\cimport.h">
      <Filter>assimp</Filter>
    </ClInclude>
    <ClInclude Include="..\assimp\include\assimp\color4.h">
      <Filter>assimp</Filter>
    </ClInclude>
    <ClInclude Include="..\assimp\include\assimp\config.h">
      <Filter>assimp</Filter>
    </ClInclude>
    <ClInclude Include="..\assimp\include\assimp\CreateAnimMesh.h">
      <Filter>assimp</Filter>
    </ClInclude>
    <ClInclude Include="..\assimp\include\assimp\DefaultIOStream.h">
      <Filter>assimp</Filter>
    </ClInclude>
    <ClInclude Include="..\assimp\include\assimp\DefaultIOSystem.h">
      <Filter>assimp</Filter>
    </ClInclude>
    <ClInclude Include="..\assimp\include\assimp\DefaultLogger.hpp">
      <Filter>assimp</Filter>
    </ClInclude>
    <ClInclude Include="..\assimp\include\assimp\Defines.h">
      <Filter>assimp</Filter>
    </ClInclude>
    <ClInclude Include="..\assimp\include\assimp\defs.h">
      <Filter>assimp</Filter>
    </ClInclude>
    <ClInclude Include="..\assimp\include\assimp\Exceptional.h">
      <Filter>assimp</Filter>
    </ClInclude>
    <ClInclude Include="..\assimp\include\assimp\Exporter.hpp">
      <Filter>assimp</Filter>
    </ClInclude>
    <ClInclude Include="..\assimp\include\assimp\fast_atof.h">
      <Filter>assimp</Filter>
    </ClInclude>
    <ClInclude Include="..\assimp\include\assimp\GenericProperty.h">
      <Filter>assimp</Filter>
    </ClInclude>
    <ClInclude Include="..\assimp\include\assimp\Hash.h">
      <Filter>assimp</Filter>
    </ClInclude>
    <ClInclude Include="..\assimp\include\assimp\Importer.hpp">
      <Filter>assimp</Filter>
    </ClInclude>
    <ClInclude Include="..\assimp\include\assimp\importerdesc.h">
      <Filter>assimp</Filter>
    </ClInclude>
    <ClInclude Include="..\assimp\include\assimp\IOStream.hpp">
      <Filter>assimp</Filter>
    </ClInclude>
    <ClInclude Include="..\assimp\include\assimp\IOStreamBuffer.h">
      <Filter>assimp</Filter>
    </ClInclude>
    <ClInclude Include="..\assimp\include\assimp\IOSystem.hpp">
      <Filter>assimp</Filter>
    </ClInclude>
    <ClInclude Include="..\assimp\include\assimp\irrXMLWrapper.h">
      <Filter>assimp</Filter>
    </ClInclude>
    <ClInclude Include="..\assimp\include\assimp\light.h">
      <Filter>assimp</Filter>
    </ClInclude>
    <ClInclude Include="..\assimp\include\assimp\LineSplitter.h">
      <Filter>assimp</Filter>
    </ClInclude>
    <ClInclude Include="..\assimp\include\assimp\LogAux.h">
      <Filter>assimp</Filter>
    </ClInclude>
    <ClInclude Include="..\assimp\include\assimp\Logger.hpp">
      <Filter>assimp</Filter>
    </ClInclude>
    <ClInclude Include="..\assimp\include\assimp\LogStream.hpp">
      <Filter>assimp</Filter>
    </ClInclude>
    <ClInclude Include="..\assimp\include\assimp\Macros.h">
      <Filter>assimp</Filter>
    </ClInclude>
    <ClInclude Include="..\assimp\include\assimp\material.h">
      <Filter>assimp</Filter>
    </ClInclude>
    <ClInclude Include="..\assimp\include\assimp\MathFunctions.h">
      <Filter>assimp</Filter>
    </ClInclude>
    <ClInclude Include="..\assimp\include\assimp\matrix3x3.h">
      <Filter>assimp</Filter>
    </ClInclude>
    <ClInclude Include="..\assimp\include\assimp\matrix4x4.h">
      <Filter>assimp</Filter>
    </ClInclude>
    <ClInclude Include="..\assimp\include\assimp\MemoryIOWrapper.h">
      <Filter>assimp</Filter>
    </ClInclude>
    <ClInclude Include="..\assimp\include\assimp\mesh.h">
      <Filter>assimp</Filter>
    </ClInclude>
    <ClInclude Include="..\assimp\include\assimp\metadata.h">
      <Filter>assimp</Filter>
    </ClInclude>
    <ClInclude Include="..\assimp\include\assimp\NullLogger.hpp">
      <Filter>assimp</Filter>
    </ClInclude>
    <ClInclude Include="..\assimp\include\assimp\ParsingUtils.h">
      <Filter>assimp</Filter>
    </ClInclude>
    <ClInclude Include="..\assimp\include\assimp\pbrmaterial.h">
      <Filter>assimp</Filter>
    </ClInclude>
    <ClInclude Include="..\assimp\include\assimp\postprocess.h">
      <Filter>assimp</Filter>
    </ClInclude>
    <ClInclude Include="..\assimp\include\assimp\Profiler.h">
      <Filter>assimp</Filter>
    </ClInclude>
    <ClInclude Include="..\assimp\include\assimp\ProgressHandler.hpp">
      <Filter>assimp</Filter>
    </ClInclude>
    <ClInclude Include="..\assimp\include\assimp\qnan.h">
      <Filter>assimp</Filter>
    </ClInclude>
    <ClInclude Include="..\assimp\include\assimp\quaternion.h">
      <Filter>assimp</Filter>
    </ClInclude>
    <ClInclude Include="..\assimp\include\assimp\RemoveComments.h">
      <Filter>assimp</Filter>
    </ClInclude>
    <ClInclude Include="..\assimp\include\assimp\scene.h">
      <Filter>assimp</Filter>
    </ClInclude>
    <ClInclude Include="..\assimp\include\assimp\SceneCombiner.h">
      <Filter>assimp</Filter>
    </ClInclude>
    <ClInclude Include="..\assimp\include\assimp\SGSpatialSort.h">
      <Filter>assimp</Filter>
    </ClInclude>
    <ClInclude Include="..\assimp\include\assimp\SkeletonMeshBuilder.h">
      <Filter>assimp</Filter>
    </ClInclude>
    <ClInclude Include="..\assimp\include\assimp\SmoothingGroups.h">
      <Filter>assimp</Filter>
    </ClInclude>
    <ClInclude Include="..\assimp\include\assimp\SpatialSort.h">
      <Filter>assimp</Filter>
    </ClInclude>
    <ClInclude Include="..\assimp\include\assimp\StandardShapes.h">
      <Filter>assimp</Filter>
    </ClInclude>
    <ClInclude Include="..\assimp\include\assimp\StreamReader.h">
      <Filter>assimp</Filter>
    </ClInclude>
    <ClInclude Include="..\assimp\include\assimp\StreamWriter.h">
      <Filter>assimp</Filter>
    </ClInclude>
    <ClInclude Include="..\assimp\include\assimp\StringComparison.h">
      <Filter>assimp</Filter>
    </ClInclude>
    <ClInclude Include="..\assimp\include\assimp\StringUtils.h">
      <Filter>assimp</Filter>
    </ClInclude>
    <ClInclude Include="..\assimp\include\assimp\Subdivision.h">
      <Filter>assimp</Filter>
    </ClInclude>
    <ClInclude Include="..\assimp\include\assimp\texture.h">
      <Filter>assimp</Filter>
    </ClInclude>
    <ClInclude Include="..\assimp\include\assimp\TinyFormatter.h">
      <Filter>assimp</Filter>
    </ClInclude>
    <ClInclude Include="..\assimp\include\assimp\types.h">
      <Filter>assimp</Filter>
    </ClInclude>
    <ClInclude Include="..\assimp\include\assimp\vector2.h">
      <Filter>assimp</Filter>
    </ClInclude>
    <ClInclude Include="..\assimp\include\assimp\vector3.h">
      <Filter>assimp</Filter>
    </ClInclude>
    <ClInclude Include="..\assimp\include\assimp\version.h">
      <Filter>assimp</Filter>
    </ClInclude>
    <ClInclude Include="..\assimp\include\assimp\Vertex.h">
      <Filter>assimp</Filter>
    </ClInclude>
    <ClInclude Include="..\assimp\include\assimp\XMLTools.h">
      <Filter>assimp</Filter>
    </ClInclude>
    <ClInclude Include="..\puppy\Models\P_Mesh.h">
      <Filter>puppy\Models</Filter>
    </ClInclude>
    <ClInclude Include="..\kitten\ModelRenderable.h">
      <Filter>kitten</Filter>
    </ClInclude>
    <ClInclude Include="..\FreeImage\Dist\x32\FreeImage.h">
      <Filter>FreeImage</Filter>
    </ClInclude>
    <ClInclude Include="..\unit\unitComponent\UnitHealthBar.h">
      <Filter>unit\unitComponent</Filter>
    </ClInclude>
    <ClInclude Include="..\kitten\BarRenderable.h">
      <Filter>kitten</Filter>
    </ClInclude>
    <ClInclude Include="..\components\ChangeSceneOnClick.hpp">
      <Filter>components\scene changers</Filter>
    </ClInclude>
    <ClInclude Include="..\components\DecksDisplayFrame.h">
      <Filter>components\deck</Filter>
    </ClInclude>
    <ClInclude Include="..\components\DeckComponent.hpp">
      <Filter>components\deck</Filter>
    </ClInclude>
    <ClInclude Include="LerpController.h">
      <Filter>components\util</Filter>
    </ClInclude>
    <ClInclude Include="..\components\ExitGameButton.h">
      <Filter>components</Filter>
    </ClInclude>
    <ClInclude Include="..\unit\unitComponent\unitAction\ActionSelect.h">
      <Filter>unit\unitComponent\unitAction</Filter>
    </ClInclude>
    <ClInclude Include="..\unit\unitComponent\unitAction\ActionButtonStore.h">
      <Filter>unit\unitComponent\unitAction</Filter>
    </ClInclude>
    <ClInclude Include="..\UI\DragNDrop.h">
      <Filter>UI</Filter>
    </ClInclude>
    <ClInclude Include="..\components\DragNDrop\SpawnUnitOnDrop.h">
      <Filter>components\dragNdrop</Filter>
    </ClInclude>
    <ClInclude Include="..\UI\CommanderContext.h">
      <Filter>UI</Filter>
    </ClInclude>
    <ClInclude Include="..\components\CameraMoveByEvent.h">
      <Filter>components\camera controls</Filter>
    </ClInclude>
    <ClInclude Include="DisableAfterTime.h">
      <Filter>components\util</Filter>
    </ClInclude>
    <ClInclude Include="..\puppy\P_Renderable.h">
      <Filter>puppy</Filter>
    </ClInclude>
    <ClInclude Include="..\puppy\P_UIRenderable.h">
      <Filter>puppy</Filter>
    </ClInclude>
    <ClInclude Include="..\kitten\K_Renderable.h">
      <Filter>kitten</Filter>
    </ClInclude>
    <ClInclude Include="..\kitten\K_UIRenderable.h">
      <Filter>kitten</Filter>
    </ClInclude>
    <ClInclude Include="..\UI\MainMenu\MainMenu.h">
      <Filter>UI\MainMenu</Filter>
    </ClInclude>
    <ClInclude Include="..\components\TileInfoDisplayOnKeyPress.h">
      <Filter>components\debug</Filter>
    </ClInclude>
    <ClInclude Include="..\networking\menu\NetworkConnectButton.h">
      <Filter>networking\networking_menu</Filter>
    </ClInclude>
    <ClInclude Include="..\networking\ConnectToHost.h">
      <Filter>networking</Filter>
    </ClInclude>
    <ClInclude Include="..\components\DrawCardOnClickUI.h">
      <Filter>components\deck</Filter>
    </ClInclude>
    <ClInclude Include="..\components\DisplayFrame.h">
      <Filter>components</Filter>
    </ClInclude>
    <ClInclude Include="..\components\CustomDataComponent.h">
      <Filter>components</Filter>
    </ClInclude>
    <ClInclude Include="..\components\DisplayFrame\CommanderDisplayFrame.h">
      <Filter>components\deck</Filter>
    </ClInclude>
    <ClInclude Include="..\components\DisplayFrame\UnitDisplayFrame.h">
      <Filter>components\deck</Filter>
    </ClInclude>
    <ClInclude Include="..\components\DecksDisplay\DisplayFrameSetChangeOnClick.h">
      <Filter>components\decksdisplay</Filter>
    </ClInclude>
    <ClInclude Include="..\components\DecksDisplay\DisplayFramePickerOnClick.h">
      <Filter>components\decksdisplay</Filter>
    </ClInclude>
    <ClInclude Include="..\components\DisplayFrame\DeckUnitsDisplayFrame.h">
      <Filter>components\deck</Filter>
    </ClInclude>
    <ClInclude Include="..\components\DeckAlterationComponent.h">
      <Filter>components\survivors</Filter>
    </ClInclude>
    <ClInclude Include="..\components\SetupDeckEditOnSceneChange.h">
      <Filter>components\scene changers</Filter>
    </ClInclude>
    <ClInclude Include="..\components\clickables\AddUnitOnClick.h">
      <Filter>components\clickables</Filter>
    </ClInclude>
    <ClInclude Include="..\components\clickables\DiscardDeckOnClick.h">
      <Filter>components\clickables</Filter>
    </ClInclude>
    <ClInclude Include="..\components\clickables\SaveDeckOnClick.h">
      <Filter>components\clickables</Filter>
    </ClInclude>
    <ClInclude Include="..\components\clickables\SetCommanderOnClick.h">
      <Filter>components\clickables</Filter>
    </ClInclude>
    <ClInclude Include="..\components\clickables\ChangeUnitOnClick.h">
      <Filter>components\clickables</Filter>
    </ClInclude>
    <ClInclude Include="..\components\clickables\AddNewDeckOnClick.h">
      <Filter>components\clickables</Filter>
    </ClInclude>
    <ClInclude Include="..\components\clickables\DeleteDeckOnClick.h">
      <Filter>components\clickables</Filter>
    </ClInclude>
    <ClInclude Include="..\kitten\QuadEdgeRenderable.h">
      <Filter>kitten</Filter>
    </ClInclude>
    <ClInclude Include="..\board\tile\DecorationGenerator.h">
      <Filter>board\tile</Filter>
    </ClInclude>
    <ClInclude Include="..\board\tile\TileDecoration.h">
      <Filter>board\tile</Filter>
    </ClInclude>
    <ClInclude Include="..\kitten\SimpleQuadRenderable.h">
      <Filter>kitten</Filter>
    </ClInclude>
    <ClInclude Include="..\UI\CardContext.h">
      <Filter>UI</Filter>
    </ClInclude>
    <ClInclude Include="..\puppy\Text\PivotTextBox.h">
      <Filter>puppy\Text</Filter>
    </ClInclude>
    <ClInclude Include="ShowLoadingOnClick.h">
      <Filter>components\scene changers</Filter>
    </ClInclude>
    <ClInclude Include="..\puppy\lights\P_DirectionalLight.h">
      <Filter>puppy\lights</Filter>
    </ClInclude>
    <ClInclude Include="..\puppy\lights\P_LightList.h">
      <Filter>puppy\lights</Filter>
    </ClInclude>
    <ClInclude Include="..\kitten\lights\K_DirectionalLight.h">
      <Filter>kitten\lights</Filter>
    </ClInclude>
    <ClInclude Include="..\UI\CardArt.h">
      <Filter>UI</Filter>
    </ClInclude>
    <ClInclude Include="..\unitInteraction\CounterGetterButton.h">
      <Filter>unitInteraction</Filter>
    </ClInclude>
    <ClInclude Include="..\unitInteraction\CounterGetterController.h">
      <Filter>unitInteraction</Filter>
    </ClInclude>
    <ClInclude Include="..\UI\TriggerEventButton.h">
      <Filter>UI</Filter>
    </ClInclude>
    <ClInclude Include="..\components\clickables\DiscardCardOnClick.h">
      <Filter>components\clickables</Filter>
    </ClInclude>
    <ClInclude Include="..\components\clickables\HoverOverCardBehavior.h">
      <Filter>components\clickables</Filter>
    </ClInclude>
    <ClInclude Include="..\components\initializers\DrawCardsFromDeckWithDelay.h">
      <Filter>components\initializer</Filter>
    </ClInclude>
    <ClInclude Include="..\components\DeckDiscardedCardHandler.h">
      <Filter>components\deck</Filter>
    </ClInclude>
    <ClInclude Include="..\unit\InitiativeTracker\TurnChangeDisplay.h">
      <Filter>unit\InitiativeTracker</Filter>
    </ClInclude>
    <ClInclude Include="..\unit\InitiativeTracker\NewTurnMessageController.h">
      <Filter>unit\InitiativeTracker</Filter>
    </ClInclude>
    <ClInclude Include="..\unit\unitComponent\TimerSymbol.h">
      <Filter>unit\unitComponent</Filter>
    </ClInclude>
    <ClInclude Include="ProjectileManager.h">
      <Filter>ability</Filter>
    </ClInclude>
    <ClInclude Include="..\kitten\K_RenderableSprite.h">
      <Filter>kitten\sprites</Filter>
    </ClInclude>
    <ClInclude Include="..\puppy\P_Sprite.h">
      <Filter>puppy</Filter>
    </ClInclude>
    <ClInclude Include="ProjectileParticleSystemHelper.h">
      <Filter>components\util</Filter>
    </ClInclude>
    <ClInclude Include="..\components\scene change\StartNewDeckSetupWizard.h">
      <Filter>components\scene changers</Filter>
    </ClInclude>
    <ClInclude Include="..\ability\status\demonic_restriction\Status_Demonic_Restriction.h">
      <Filter>ability\status\demonic_restriction</Filter>
    </ClInclude>
    <ClInclude Include="..\components\PromptPopUp.h">
      <Filter>components</Filter>
    </ClInclude>
    <ClInclude Include="..\components\clickables\PromptPopUpDeclineOnClick.h">
      <Filter>components\clickables</Filter>
    </ClInclude>
    <ClInclude Include="..\components\clickables\PromptPopUpSuccessOnClick.h">
      <Filter>components\clickables</Filter>
    </ClInclude>
    <ClInclude Include="..\components\DeckCountTextureBind.h">
      <Filter>components</Filter>
    </ClInclude>
    <ClInclude Include="..\networking\TextChat.h">
      <Filter>networking</Filter>
    </ClInclude>
    <ClInclude Include="..\networking\ReadyCheck.h">
      <Filter>networking</Filter>
    </ClInclude>
    <ClInclude Include="..\kitten\K_RenderNode.h">
      <Filter>kitten</Filter>
    </ClInclude>
    <ClInclude Include="RefreshParticleSystemOnKeyPress.h">
      <Filter>components\debug</Filter>
    </ClInclude>
    <ClInclude Include="PlayParticleSystemAtMouseClick.h">
      <Filter>components\debug</Filter>
    </ClInclude>
    <ClInclude Include="ReloadObjectOnKeyPress.h">
      <Filter>components\debug</Filter>
    </ClInclude>
    <ClInclude Include="HaltParticleSystemAfterTime.h">
      <Filter>components\util</Filter>
    </ClInclude>
    <ClInclude Include="..\puppy\lights\P_PointLight.h">
      <Filter>puppy\lights</Filter>
    </ClInclude>
    <ClInclude Include="..\kitten\lights\K_PointLight.h">
      <Filter>kitten\lights</Filter>
    </ClInclude>
    <ClInclude Include="PlayParticleSystemOnEnable.h">
      <Filter>components\util</Filter>
    </ClInclude>
    <ClInclude Include="..\UI\Borders\BorderPiece.h">
      <Filter>UI\Borders</Filter>
    </ClInclude>
    <ClInclude Include="..\UI\LandContext.h">
      <Filter>UI</Filter>
    </ClInclude>
    <ClInclude Include="UniversalSounds.h">
      <Filter>components\sound</Filter>
    </ClInclude>
    <ClInclude Include="PlaySoundOnUIClick.h">
      <Filter>components\sound</Filter>
    </ClInclude>
    <ClInclude Include="PlayUniversalSoundOnUIClick.h">
      <Filter>components\sound</Filter>
    </ClInclude>
    <ClInclude Include="LoadSceneOnStart.h">
      <Filter>components</Filter>
    </ClInclude>
    <ClInclude Include="..\UI\TurnCounterController.h">
      <Filter>UI</Filter>
    </ClInclude>
    <ClInclude Include="..\components\RenameDeckComponent.h">
      <Filter>components</Filter>
    </ClInclude>
    <ClInclude Include="..\networking\NetworkLog.h">
      <Filter>networking</Filter>
    </ClInclude>
    <ClInclude Include="FadePointLightOverTime.h">
      <Filter>components\visualFX</Filter>
    </ClInclude>
    <ClInclude Include="PlayUniversalSoundOnEnable.h">
      <Filter>components\sound</Filter>
    </ClInclude>
  </ItemGroup>
  <ItemGroup>
    <Filter Include="kitten">
      <UniqueIdentifier>{490d5287-2d45-4a83-924c-a15c6cc8038b}</UniqueIdentifier>
    </Filter>
    <Filter Include="puppy">
      <UniqueIdentifier>{e55580cc-403d-4eaa-bed0-16f88b46e83b}</UniqueIdentifier>
    </Filter>
    <Filter Include="wolf">
      <UniqueIdentifier>{3c8c3f23-fb23-4bc5-833b-47c5048d135e}</UniqueIdentifier>
    </Filter>
    <Filter Include="pugi">
      <UniqueIdentifier>{9a86bf13-2257-49a4-96fc-2759649db337}</UniqueIdentifier>
    </Filter>
    <Filter Include="components">
      <UniqueIdentifier>{f5400d70-bee9-4352-8219-b7c5df560184}</UniqueIdentifier>
    </Filter>
    <Filter Include="ability">
      <UniqueIdentifier>{b85de98b-7ae9-47f0-9e8d-eedae08c9cab}</UniqueIdentifier>
    </Filter>
    <Filter Include="unit">
      <UniqueIdentifier>{c327be6b-cc20-41d7-bee0-ec2aa53e9e73}</UniqueIdentifier>
    </Filter>
    <Filter Include="ability\ability">
      <UniqueIdentifier>{19e2755c-a096-427e-8f4b-fa3bdc46268d}</UniqueIdentifier>
    </Filter>
    <Filter Include="ability\node">
      <UniqueIdentifier>{e8022457-cd87-4139-b8f7-604f62771329}</UniqueIdentifier>
    </Filter>
    <Filter Include="ability\status">
      <UniqueIdentifier>{9b061a6d-a7f8-407a-88f8-14da0d545b93}</UniqueIdentifier>
    </Filter>
    <Filter Include="kibble">
      <UniqueIdentifier>{ae55f032-ef3d-4dd9-aa33-eaeb4d9be2ce}</UniqueIdentifier>
    </Filter>
    <Filter Include="kibble\JSON">
      <UniqueIdentifier>{ddcb6ed0-4913-41a9-8aa4-728619d7b05e}</UniqueIdentifier>
    </Filter>
    <Filter Include="kitten\mouse  picking">
      <UniqueIdentifier>{656830c6-1a1d-490a-9efd-07671cdcb240}</UniqueIdentifier>
    </Filter>
    <Filter Include="kibble\JSON\Datatypes">
      <UniqueIdentifier>{4d5d18f5-6aef-45a4-b204-f32f9c18cabb}</UniqueIdentifier>
    </Filter>
    <Filter Include="unit\unitComponent">
      <UniqueIdentifier>{7f7f5dc6-b257-41b9-ac02-f613057bb3a0}</UniqueIdentifier>
    </Filter>
    <Filter Include="kitten\event_system">
      <UniqueIdentifier>{b5b351c0-5e7c-4330-9ecd-f9fea34d007d}</UniqueIdentifier>
    </Filter>
    <Filter Include="kibble\databank">
      <UniqueIdentifier>{44f1d2e8-f712-4236-bb62-48293505c643}</UniqueIdentifier>
    </Filter>
    <Filter Include="puppy\Text">
      <UniqueIdentifier>{056420bf-c8f5-4ad0-955b-758b49059769}</UniqueIdentifier>
    </Filter>
    <Filter Include="unit\InitiativeTracker">
      <UniqueIdentifier>{6c8e8df5-cc1f-4e04-baff-d434c5908209}</UniqueIdentifier>
    </Filter>
    <Filter Include="kitten\audio">
      <UniqueIdentifier>{8f7a5b73-5c25-4934-a5fd-481995c305f2}</UniqueIdentifier>
    </Filter>
    <Filter Include="components\sound">
      <UniqueIdentifier>{708b3557-66cd-4e00-8b26-0c93615893b4}</UniqueIdentifier>
    </Filter>
    <Filter Include="components\debug">
      <UniqueIdentifier>{6aea2d37-7e77-4da4-ae7d-90e9b800f379}</UniqueIdentifier>
    </Filter>
    <Filter Include="components\camera controls">
      <UniqueIdentifier>{f9901d87-7676-4d37-b0bc-7762caa97176}</UniqueIdentifier>
    </Filter>
    <Filter Include="util">
      <UniqueIdentifier>{4deeb8a2-e275-4434-b800-dbaab2606bda}</UniqueIdentifier>
    </Filter>
    <Filter Include="kibble\Custom">
      <UniqueIdentifier>{0b9dadcb-53bf-40a7-a741-ba2426505959}</UniqueIdentifier>
    </Filter>
    <Filter Include="board">
      <UniqueIdentifier>{18c905e4-e70f-4f75-9dfb-0895797498ff}</UniqueIdentifier>
    </Filter>
    <Filter Include="board\clickable">
      <UniqueIdentifier>{c3082969-bbf1-436a-bc7c-2c97b82a0cf0}</UniqueIdentifier>
    </Filter>
    <Filter Include="board\tile">
      <UniqueIdentifier>{1cf5fe3d-8ea8-4fa7-be46-2eb4906acf31}</UniqueIdentifier>
    </Filter>
    <Filter Include="board\component">
      <UniqueIdentifier>{0ae05199-ea25-4694-8d77-89d227d2bec6}</UniqueIdentifier>
    </Filter>
    <Filter Include="networking">
      <UniqueIdentifier>{917724ca-7167-448a-8927-6be470d6ce1c}</UniqueIdentifier>
    </Filter>
    <Filter Include="board\component\tilePipeline">
      <UniqueIdentifier>{d1d86083-6ad0-41ac-8b44-7769bb229e42}</UniqueIdentifier>
    </Filter>
    <Filter Include="UI">
      <UniqueIdentifier>{7c515321-114f-4139-b36b-dbb6a43b7093}</UniqueIdentifier>
    </Filter>
    <Filter Include="unitInteraction">
      <UniqueIdentifier>{8f4a6957-99a8-4683-be6d-17488ee23424}</UniqueIdentifier>
    </Filter>
    <Filter Include="ability\status\statusEvent">
      <UniqueIdentifier>{aed19bd5-dab5-4536-9ee8-3781b9cfd8c9}</UniqueIdentifier>
    </Filter>
    <Filter Include="kitten\coroutines">
      <UniqueIdentifier>{0f0a87b0-5319-40ad-962a-7ca808d68bea}</UniqueIdentifier>
    </Filter>
    <Filter Include="testing">
      <UniqueIdentifier>{c83bb044-5a09-4dac-98f3-540e821f1362}</UniqueIdentifier>
    </Filter>
    <Filter Include="kitten\util">
      <UniqueIdentifier>{92a11259-cd79-4fdb-8968-79de544df0c1}</UniqueIdentifier>
    </Filter>
    <Filter Include="board\tile\landInfo">
      <UniqueIdentifier>{d90d02bc-e413-458b-8305-d90c9d9a8a34}</UniqueIdentifier>
    </Filter>
    <Filter Include="board\component\area">
      <UniqueIdentifier>{31062e74-efb4-41bd-b05e-c9cfbe8384fc}</UniqueIdentifier>
    </Filter>
    <Filter Include="kitten\sprites">
      <UniqueIdentifier>{fa936de7-535e-4cb3-8dde-906d63749a58}</UniqueIdentifier>
    </Filter>
    <Filter Include="kibble\sprites">
      <UniqueIdentifier>{2d6a0aee-b092-4d6d-a976-0b1679a63f9a}</UniqueIdentifier>
    </Filter>
    <Filter Include="kibble\UnitGameObject">
      <UniqueIdentifier>{efd93ad5-378b-487c-8d5e-1a84ddc82e55}</UniqueIdentifier>
    </Filter>
    <Filter Include="puppy\particles">
      <UniqueIdentifier>{45404199-b748-4643-992b-415002cb047c}</UniqueIdentifier>
    </Filter>
    <Filter Include="custom_expresssions">
      <UniqueIdentifier>{dce41785-df33-4efa-b1f2-dbea8b71589b}</UniqueIdentifier>
    </Filter>
    <Filter Include="components\decksdisplay">
      <UniqueIdentifier>{cc3644fd-64c1-472c-9553-f5208238bec6}</UniqueIdentifier>
    </Filter>
    <Filter Include="UI\TabMenu">
      <UniqueIdentifier>{f65abade-0ab9-4b14-b9fa-06c669a75895}</UniqueIdentifier>
    </Filter>
    <Filter Include="components\scene changers">
      <UniqueIdentifier>{39f54870-107c-4390-9169-e4df493df3e9}</UniqueIdentifier>
    </Filter>
    <Filter Include="components\survivors">
      <UniqueIdentifier>{b9405a1a-95c9-4f9e-b1f8-e231662308ac}</UniqueIdentifier>
    </Filter>
    <Filter Include="components\testing">
      <UniqueIdentifier>{c232c111-d3ae-4c6c-b644-493f749d1069}</UniqueIdentifier>
    </Filter>
    <Filter Include="networking\networking_menu">
      <UniqueIdentifier>{55bfff24-e6ce-423f-9f59-d806c680e062}</UniqueIdentifier>
    </Filter>
    <Filter Include="puppy\Models">
      <UniqueIdentifier>{7a2a3dcb-6a86-4d49-b44e-67c8706ecbaf}</UniqueIdentifier>
    </Filter>
    <Filter Include="assimp">
      <UniqueIdentifier>{b789f8b8-6268-456e-91d3-c88d9486a875}</UniqueIdentifier>
    </Filter>
    <Filter Include="FreeImage">
      <UniqueIdentifier>{e62edd41-bbbc-495b-921a-a9ed5797e001}</UniqueIdentifier>
    </Filter>
    <Filter Include="components\util">
      <UniqueIdentifier>{fc11beef-788e-4c5f-a043-6c9b980b40eb}</UniqueIdentifier>
    </Filter>
    <Filter Include="components\deck">
      <UniqueIdentifier>{db703d00-2c93-411b-9af5-7e520ab037b3}</UniqueIdentifier>
    </Filter>
    <Filter Include="unit\unitComponent\unitAction">
      <UniqueIdentifier>{1b105903-47cd-4152-a940-fd0f64b999dc}</UniqueIdentifier>
    </Filter>
    <Filter Include="components\dragNdrop">
      <UniqueIdentifier>{d587fe34-736b-4363-9db4-c1d710563e19}</UniqueIdentifier>
    </Filter>
    <Filter Include="components\standard effects">
      <UniqueIdentifier>{8c3ab6ac-dae3-451f-9e21-7944dc100695}</UniqueIdentifier>
    </Filter>
    <Filter Include="components\util">
      <UniqueIdentifier>{db9cabd4-1c56-4fea-8cf8-4d8917f17ad9}</UniqueIdentifier>
    </Filter>
    <Filter Include="UI\MainMenu">
      <UniqueIdentifier>{7afc2e7a-c536-4001-9c64-dd24fcb73637}</UniqueIdentifier>
    </Filter>
    <Filter Include="components\clickables">
      <UniqueIdentifier>{9ad8c8e7-afb6-43c1-ab5d-a40105e5ff22}</UniqueIdentifier>
    </Filter>
    <Filter Include="kitten\lights">
      <UniqueIdentifier>{ee328a00-dc0f-4ea1-bb1e-282a8955234a}</UniqueIdentifier>
    </Filter>
    <Filter Include="puppy\lights">
      <UniqueIdentifier>{8d085ece-c9d3-41d8-847f-f120aa582d39}</UniqueIdentifier>
    </Filter>
    <Filter Include="components\initializer">
      <UniqueIdentifier>{23c51a84-04fc-4055-b5ae-4e3f73b2d77b}</UniqueIdentifier>
    </Filter>
    <Filter Include="ability\status\demonic_restriction">
      <UniqueIdentifier>{ea0232e6-01f0-4b9a-9b52-edd895ea94e5}</UniqueIdentifier>
    </Filter>
    <Filter Include="UI\Borders">
      <UniqueIdentifier>{bce99ca2-9883-4d20-b1e6-32a086ce157d}</UniqueIdentifier>
    </Filter>
    <Filter Include="components\visualFX">
      <UniqueIdentifier>{ea152e66-7a7d-4168-8001-6e40af1437f1}</UniqueIdentifier>
    </Filter>
  </ItemGroup>
  <ItemGroup>
    <None Include="..\assimp\include\assimp\color4.inl">
      <Filter>assimp</Filter>
    </None>
    <None Include="..\assimp\include\assimp\material.inl">
      <Filter>assimp</Filter>
    </None>
    <None Include="..\assimp\include\assimp\matrix3x3.inl">
      <Filter>assimp</Filter>
    </None>
    <None Include="..\assimp\include\assimp\matrix4x4.inl">
      <Filter>assimp</Filter>
    </None>
    <None Include="..\assimp\include\assimp\quaternion.inl">
      <Filter>assimp</Filter>
    </None>
    <None Include="..\assimp\include\assimp\SmoothingGroups.inl">
      <Filter>assimp</Filter>
    </None>
    <None Include="..\assimp\include\assimp\vector2.inl">
      <Filter>assimp</Filter>
    </None>
    <None Include="..\assimp\include\assimp\vector3.inl">
      <Filter>assimp</Filter>
    </None>
  </ItemGroup>
</Project>