<?xml version="1.0" encoding="utf-8"?>
<Project ToolsVersion="4.0" xmlns="http://schemas.microsoft.com/developer/msbuild/2003">
  <ItemGroup>
    <ClCompile Include="main.cpp" />
    <ClCompile Include="..\kitten\K_Component.cpp">
      <Filter>kitten</Filter>
    </ClCompile>
    <ClCompile Include="..\kitten\K_ComponentManager.cpp">
      <Filter>kitten</Filter>
    </ClCompile>
    <ClCompile Include="..\kitten\K_Game.cpp">
      <Filter>kitten</Filter>
    </ClCompile>
    <ClCompile Include="..\kitten\K_GameObject.cpp">
      <Filter>kitten</Filter>
    </ClCompile>
    <ClCompile Include="..\kitten\K_GameObjectManager.cpp">
      <Filter>kitten</Filter>
    </ClCompile>
    <ClCompile Include="..\kitten\K_Time.cpp">
      <Filter>kitten</Filter>
    </ClCompile>
    <ClCompile Include="..\puppy\FBO.cpp">
      <Filter>puppy</Filter>
    </ClCompile>
    <ClCompile Include="..\puppy\Text\Font.cpp">
      <Filter>puppy</Filter>
    </ClCompile>
    <ClCompile Include="..\puppy\Material.cpp">
      <Filter>puppy</Filter>
    </ClCompile>
    <ClCompile Include="..\puppy\MaterialManager.cpp">
      <Filter>puppy</Filter>
    </ClCompile>
    <ClCompile Include="..\puppy\RenderBuffer.cpp">
      <Filter>puppy</Filter>
    </ClCompile>
    <ClCompile Include="..\puppy\Renderer.cpp">
      <Filter>puppy</Filter>
    </ClCompile>
    <ClCompile Include="..\puppy\ShaderManager.cpp">
      <Filter>puppy</Filter>
    </ClCompile>
    <ClCompile Include="..\puppy\ShaderProgram.cpp">
      <Filter>puppy</Filter>
    </ClCompile>
    <ClCompile Include="..\puppy\StaticRenderables.cpp">
      <Filter>puppy</Filter>
    </ClCompile>
    <ClCompile Include="..\puppy\Text\TextBox.cpp">
      <Filter>puppy</Filter>
    </ClCompile>
    <ClCompile Include="..\puppy\Text\TextTable.cpp">
      <Filter>puppy</Filter>
    </ClCompile>
    <ClCompile Include="..\puppy\Texture.cpp">
      <Filter>puppy</Filter>
    </ClCompile>
    <ClCompile Include="..\puppy\VertexEnvironment.cpp">
      <Filter>puppy</Filter>
    </ClCompile>
    <ClCompile Include="..\Shapes\Cube.cpp">
      <Filter>shapes</Filter>
    </ClCompile>
    <ClCompile Include="..\kitten\Camera.cpp">
      <Filter>kitten</Filter>
    </ClCompile>
    <ClCompile Include="..\kitten\InputManager.cpp">
      <Filter>kitten</Filter>
    </ClCompile>
    <ClCompile Include="..\kitten\Transform.cpp">
      <Filter>kitten</Filter>
    </ClCompile>
    <ClCompile Include="..\kitten\CubeRenderable.cpp">
      <Filter>kitten</Filter>
    </ClCompile>
    <ClCompile Include="..\kitten\Renderable.cpp">
      <Filter>kitten</Filter>
    </ClCompile>
    <ClCompile Include="..\wolf\W_Common.cpp">
      <Filter>wolf</Filter>
    </ClCompile>
    <ClCompile Include="..\pugixml\pugixml.cpp">
      <Filter>pugi</Filter>
    </ClCompile>
    <ClCompile Include="..\kitten\K_CameraList.cpp">
      <Filter>kitten</Filter>
    </ClCompile>
    <ClCompile Include="MoveByMouseRightClickDrag.cpp">
      <Filter>components</Filter>
    </ClCompile>
    <ClCompile Include="ZoomByMouseWheel.cpp">
      <Filter>components</Filter>
    </ClCompile>
    <ClCompile Include="..\unit\Unit.cpp">
      <Filter>unit</Filter>
    </ClCompile>
    <ClCompile Include="..\unit\UnitData.cpp">
      <Filter>unit</Filter>
    </ClCompile>
    <ClCompile Include="..\unit\UnitMonitor.cpp">
      <Filter>unit</Filter>
    </ClCompile>
    <ClCompile Include="..\unit\UnitSpawn.cpp">
      <Filter>unit</Filter>
    </ClCompile>
    <ClCompile Include="..\unit\UnitTest.cpp">
      <Filter>unit</Filter>
    </ClCompile>
    <ClCompile Include="..\ability\node\AbilityNode.cpp">
      <Filter>ability\node</Filter>
    </ClCompile>
    <ClCompile Include="..\ability\AbilityManager.cpp">
      <Filter>ability</Filter>
    </ClCompile>
    <ClCompile Include="..\ability\node\AbilityNodeManager.cpp">
      <Filter>ability\node</Filter>
    </ClCompile>
    <ClCompile Include="..\ability\ability\Heal.cpp">
      <Filter>ability\ability</Filter>
    </ClCompile>
    <ClCompile Include="DebugPrintOnce.cpp">
      <Filter>components</Filter>
    </ClCompile>
    <ClCompile Include="..\kibble\json\JSONUnitDataParser.cpp">
      <Filter>kibble\JSON</Filter>
    </ClCompile>
    <ClCompile Include="..\kibble\json\JSONGameObjectDataParser.cpp">
      <Filter>kibble\JSON</Filter>
    </ClCompile>
    <ClCompile Include="..\kibble\json\JSONComponentDataParser.cpp">
      <Filter>kibble\JSON</Filter>
    </ClCompile>
    <ClCompile Include="..\kibble\kibble.cpp">
      <Filter>kibble</Filter>
    </ClCompile>
    <ClCompile Include="..\kibble\json\jsonextra.cpp">
      <Filter>kibble\JSON</Filter>
    </ClCompile>
    <ClCompile Include="..\ability\node\ChangeAttributeNode.cpp">
      <Filter>ability\node</Filter>
    </ClCompile>
    <ClCompile Include="..\ability\node\CheckHPNode.cpp">
      <Filter>ability\node</Filter>
    </ClCompile>
    <ClCompile Include="..\kitten\mouse picking\ActiveClickables.cpp">
      <Filter>kitten\mouse  picking</Filter>
    </ClCompile>
    <ClCompile Include="..\kitten\mouse picking\Clickable.cpp">
      <Filter>kitten\mouse  picking</Filter>
    </ClCompile>
    <ClCompile Include="..\kitten\mouse picking\MousePicker.cpp">
      <Filter>kitten\mouse  picking</Filter>
    </ClCompile>
    <ClCompile Include="PrintWhenClicked.cpp">
      <Filter>components</Filter>
    </ClCompile>
    <ClCompile Include="..\kibble\json\Datatypes\ComponentDataType.cpp">
      <Filter>kibble\JSON\Datatypes</Filter>
    </ClCompile>
    <ClCompile Include="..\kibble\json\Datatypes\UnitDataType.cpp">
      <Filter>kibble\JSON\Datatypes</Filter>
    </ClCompile>
    <ClCompile Include="..\kibble\json\Datatypes\GameObjectDataType.cpp">
      <Filter>kibble\JSON\Datatypes</Filter>
    </ClCompile>
    <ClCompile Include="..\kibble\json\Datatypes\SceneDataType.cpp">
      <Filter>kibble\JSON\Datatypes</Filter>
    </ClCompile>
  </ItemGroup>
  <ItemGroup>
    <ClInclude Include="..\kitten\K_Common.h">
      <Filter>kitten</Filter>
    </ClInclude>
    <ClInclude Include="..\kitten\K_Component.h">
      <Filter>kitten</Filter>
    </ClInclude>
    <ClInclude Include="..\kitten\K_ComponentManager.h">
      <Filter>kitten</Filter>
    </ClInclude>
    <ClInclude Include="..\kitten\K_Game.h">
      <Filter>kitten</Filter>
    </ClInclude>
    <ClInclude Include="..\kitten\K_GameObject.h">
      <Filter>kitten</Filter>
    </ClInclude>
    <ClInclude Include="..\kitten\K_GameObjectManager.h">
      <Filter>kitten</Filter>
    </ClInclude>
    <ClInclude Include="..\kitten\K_Time.h">
      <Filter>kitten</Filter>
    </ClInclude>
    <ClInclude Include="..\puppy\FBO.h">
      <Filter>puppy</Filter>
    </ClInclude>
    <ClInclude Include="..\puppy\Text\Font.h">
      <Filter>puppy</Filter>
    </ClInclude>
    <ClInclude Include="..\puppy\Material.h">
      <Filter>puppy</Filter>
    </ClInclude>
    <ClInclude Include="..\puppy\MaterialManager.h">
      <Filter>puppy</Filter>
    </ClInclude>
    <ClInclude Include="..\puppy\P_Common.h">
      <Filter>puppy</Filter>
    </ClInclude>
    <ClInclude Include="..\puppy\RenderBuffer.h">
      <Filter>puppy</Filter>
    </ClInclude>
    <ClInclude Include="..\puppy\Renderer.h">
      <Filter>puppy</Filter>
    </ClInclude>
    <ClInclude Include="..\puppy\ShaderManager.h">
      <Filter>puppy</Filter>
    </ClInclude>
    <ClInclude Include="..\puppy\ShaderProgram.h">
      <Filter>puppy</Filter>
    </ClInclude>
    <ClInclude Include="..\puppy\StaticRenderables.h">
      <Filter>puppy</Filter>
    </ClInclude>
    <ClInclude Include="..\puppy\Text\TextBox.h">
      <Filter>puppy</Filter>
    </ClInclude>
    <ClInclude Include="..\puppy\Text\TextTable.h">
      <Filter>puppy</Filter>
    </ClInclude>
    <ClInclude Include="..\puppy\Texture.h">
      <Filter>puppy</Filter>
    </ClInclude>
    <ClInclude Include="..\puppy\VertexEnvironment.h">
      <Filter>puppy</Filter>
    </ClInclude>
    <ClInclude Include="..\kitten\Renderable.h">
      <Filter>kitten</Filter>
    </ClInclude>
    <ClInclude Include="..\kitten\CubeRenderable.h">
      <Filter>kitten</Filter>
    </ClInclude>
    <ClInclude Include="..\Shapes\Cube.h">
      <Filter>shapes</Filter>
    </ClInclude>
    <ClInclude Include="..\kitten\Camera.h">
      <Filter>kitten</Filter>
    </ClInclude>
    <ClInclude Include="..\kitten\Frustum.h">
      <Filter>kitten</Filter>
    </ClInclude>
    <ClInclude Include="..\kitten\InputManager.h">
      <Filter>kitten</Filter>
    </ClInclude>
    <ClInclude Include="..\kitten\Transform.h">
      <Filter>kitten</Filter>
    </ClInclude>
    <ClInclude Include="..\wolf\W_Common.h">
      <Filter>wolf</Filter>
    </ClInclude>
    <ClInclude Include="..\pugixml\pugixml.hpp">
      <Filter>pugi</Filter>
    </ClInclude>
    <ClInclude Include="..\pugixml\pugiconfig.hpp">
      <Filter>pugi</Filter>
    </ClInclude>
    <ClInclude Include="..\kitten\K_CameraList.h">
      <Filter>kitten</Filter>
    </ClInclude>
    <ClInclude Include="..\kitten\K_Singletons.h">
      <Filter>kitten</Filter>
    </ClInclude>
    <ClInclude Include="..\puppy\P_Singletons.h">
      <Filter>puppy</Filter>
    </ClInclude>
    <ClInclude Include="MoveByMouseRightClickDrag.h">
      <Filter>components</Filter>
    </ClInclude>
    <ClInclude Include="ZoomByMouseWheel.h">
      <Filter>components</Filter>
    </ClInclude>
    <ClInclude Include="..\unit\Unit.h">
      <Filter>unit</Filter>
    </ClInclude>
    <ClInclude Include="..\unit\UnitCommon.h">
      <Filter>unit</Filter>
    </ClInclude>
    <ClInclude Include="..\unit\UnitData.h">
      <Filter>unit</Filter>
    </ClInclude>
    <ClInclude Include="..\unit\UnitGraphic.h">
      <Filter>unit</Filter>
    </ClInclude>
    <ClInclude Include="..\unit\UnitMonitor.h">
      <Filter>unit</Filter>
    </ClInclude>
    <ClInclude Include="..\unit\UnitSpawn.h">
      <Filter>unit</Filter>
    </ClInclude>
    <ClInclude Include="..\unit\UnitTest.h">
      <Filter>unit</Filter>
    </ClInclude>
    <ClInclude Include="..\ability\node\AbilityNode.h">
      <Filter>ability\node</Filter>
    </ClInclude>
    <ClInclude Include="..\ability\status\Status.h">
      <Filter>ability\status</Filter>
    </ClInclude>
    <ClInclude Include="..\ability\ability\Ability.h">
      <Filter>ability\ability</Filter>
    </ClInclude>
    <ClInclude Include="..\ability\AbilityManager.h">
      <Filter>ability</Filter>
    </ClInclude>
    <ClInclude Include="..\ability\node\AbilityNodeManager.h">
      <Filter>ability\node</Filter>
    </ClInclude>
    <ClInclude Include="..\ability\ability\Heal.h">
      <Filter>ability\ability</Filter>
    </ClInclude>
    <ClInclude Include="..\ability\AbilityInfoPackage.h">
      <Filter>ability</Filter>
    </ClInclude>
    <ClInclude Include="DebugPrintOnce.h">
      <Filter>components</Filter>
    </ClInclude>
    <ClInclude Include="..\json.hpp">
      <Filter>kibble\JSON</Filter>
    </ClInclude>
    <ClInclude Include="..\kibble\UnitDataParser.hpp">
      <Filter>kibble</Filter>
    </ClInclude>
    <ClInclude Include="..\kibble\json\JSONUnitDataParser.hpp">
      <Filter>kibble\JSON</Filter>
    </ClInclude>
    <ClInclude Include="..\kibble\json\JSONGameObjectDataParser.hpp">
      <Filter>kibble\JSON</Filter>
    </ClInclude>
    <ClInclude Include="..\kibble\GameObjectDataParser.hpp">
      <Filter>kibble</Filter>
    </ClInclude>
    <ClInclude Include="..\kibble\ComponentDataParser.hpp">
      <Filter>kibble</Filter>
    </ClInclude>
    <ClInclude Include="..\kibble\json\JSONComponentDataParser.hpp">
      <Filter>kibble\JSON</Filter>
    </ClInclude>
    <ClInclude Include="..\kibble\kibble.hpp">
      <Filter>kibble</Filter>
    </ClInclude>
    <ClInclude Include="..\kibble\json\jsonextra.hpp">
      <Filter>kibble\JSON</Filter>
    </ClInclude>
    <ClInclude Include="..\gameworld\GameBoard.h" />
    <ClInclude Include="..\gameworld\GrassLandInfoComponent.h" />
    <ClInclude Include="..\gameworld\TileInformationComponent.h" />
    <ClInclude Include="..\ability\node\ChangeAttributeNode.h">
      <Filter>ability\node</Filter>
    </ClInclude>
    <ClInclude Include="..\ability\node\CheckHPNode.h">
      <Filter>ability\node</Filter>
    </ClInclude>
    <ClInclude Include="..\kitten\mouse picking\ActiveClickables.h">
      <Filter>kitten\mouse  picking</Filter>
    </ClInclude>
    <ClInclude Include="..\kitten\mouse picking\Clickable.h">
      <Filter>kitten\mouse  picking</Filter>
    </ClInclude>
    <ClInclude Include="..\kitten\mouse picking\MousePicker.h">
      <Filter>kitten\mouse  picking</Filter>
    </ClInclude>
    <ClInclude Include="..\kitten\mouse picking\Ray.h">
      <Filter>kitten\mouse  picking</Filter>
    </ClInclude>
    <ClInclude Include="PrintWhenClicked.h">
      <Filter>components</Filter>
    </ClInclude>
    <ClInclude Include="..\kibble\json\Datatypes\ComponentDataType.hpp">
      <Filter>kibble\JSON\Datatypes</Filter>
    </ClInclude>
    <ClInclude Include="..\kibble\json\Datatypes\UnitDataType.hpp">
      <Filter>kibble\JSON\Datatypes</Filter>
    </ClInclude>
    <ClInclude Include="..\kibble\json\Datatypes\GameObjectDataType.hpp">
      <Filter>kibble\JSON\Datatypes</Filter>
    </ClInclude>
    <ClInclude Include="..\kibble\json\Datatypes\SceneDataType.hpp">
      <Filter>kibble\JSON\Datatypes</Filter>
    </ClInclude>
  </ItemGroup>
  <ItemGroup>
    <Filter Include="kitten">
      <UniqueIdentifier>{490d5287-2d45-4a83-924c-a15c6cc8038b}</UniqueIdentifier>
    </Filter>
    <Filter Include="puppy">
      <UniqueIdentifier>{e55580cc-403d-4eaa-bed0-16f88b46e83b}</UniqueIdentifier>
    </Filter>
    <Filter Include="puppy\Scene">
      <UniqueIdentifier>{ae87ad72-9f76-418e-91c9-00b5df72ef2f}</UniqueIdentifier>
    </Filter>
    <Filter Include="shapes">
      <UniqueIdentifier>{f82cacf4-d649-46d8-95dc-927acb69ed9c}</UniqueIdentifier>
    </Filter>
    <Filter Include="wolf">
      <UniqueIdentifier>{3c8c3f23-fb23-4bc5-833b-47c5048d135e}</UniqueIdentifier>
    </Filter>
    <Filter Include="pugi">
      <UniqueIdentifier>{9a86bf13-2257-49a4-96fc-2759649db337}</UniqueIdentifier>
    </Filter>
    <Filter Include="components">
      <UniqueIdentifier>{f5400d70-bee9-4352-8219-b7c5df560184}</UniqueIdentifier>
    </Filter>
    <Filter Include="ability">
      <UniqueIdentifier>{b85de98b-7ae9-47f0-9e8d-eedae08c9cab}</UniqueIdentifier>
    </Filter>
    <Filter Include="unit">
      <UniqueIdentifier>{c327be6b-cc20-41d7-bee0-ec2aa53e9e73}</UniqueIdentifier>
    </Filter>
    <Filter Include="ability\ability">
      <UniqueIdentifier>{19e2755c-a096-427e-8f4b-fa3bdc46268d}</UniqueIdentifier>
    </Filter>
    <Filter Include="ability\node">
      <UniqueIdentifier>{e8022457-cd87-4139-b8f7-604f62771329}</UniqueIdentifier>
    </Filter>
    <Filter Include="ability\status">
      <UniqueIdentifier>{9b061a6d-a7f8-407a-88f8-14da0d545b93}</UniqueIdentifier>
    </Filter>
    <Filter Include="kibble">
      <UniqueIdentifier>{ae55f032-ef3d-4dd9-aa33-eaeb4d9be2ce}</UniqueIdentifier>
    </Filter>
    <Filter Include="kibble\JSON">
      <UniqueIdentifier>{ddcb6ed0-4913-41a9-8aa4-728619d7b05e}</UniqueIdentifier>
    </Filter>
    <Filter Include="kitten\mouse  picking">
      <UniqueIdentifier>{656830c6-1a1d-490a-9efd-07671cdcb240}</UniqueIdentifier>
    </Filter>
    <Filter Include="kibble\JSON\Datatypes">
      <UniqueIdentifier>{4d5d18f5-6aef-45a4-b204-f32f9c18cabb}</UniqueIdentifier>
    </Filter>
  </ItemGroup>
</Project>